// !$*UTF8*$!
{
	archiveVersion = 1;
	classes = {
	};
	objectVersion = 54;
	objects = {

/* Begin PBXBuildFile section */
		00E356F31AD99517003FC87E /* myKROSSTests.m in Sources */ = {isa = PBXBuildFile; fileRef = 00E356F21AD99517003FC87E /* myKROSSTests.m */; };
		13B07FBC1A68108700A75B9A /* AppDelegate.m in Sources */ = {isa = PBXBuildFile; fileRef = 13B07FB01A68108700A75B9A /* AppDelegate.m */; };
		13B07FBF1A68108700A75B9A /* Images.xcassets in Resources */ = {isa = PBXBuildFile; fileRef = 13B07FB51A68108700A75B9A /* Images.xcassets */; };
		13B07FC11A68108700A75B9A /* main.m in Sources */ = {isa = PBXBuildFile; fileRef = 13B07FB71A68108700A75B9A /* main.m */; };
		1D13B1F42657B94D00A4F34A /* DIN2014Narrow-Bold.eot in Resources */ = {isa = PBXBuildFile; fileRef = 1D13B1F32657B94D00A4F34A /* DIN2014Narrow-Bold.eot */; };
		1D13B2032657B97F00A4F34A /* DIN2014Narrow-Light.svg in Resources */ = {isa = PBXBuildFile; fileRef = 1D13B1F52657B97F00A4F34A /* DIN2014Narrow-Light.svg */; };
		1D13B2042657B97F00A4F34A /* DIN2014Narrow-Regular.eot in Resources */ = {isa = PBXBuildFile; fileRef = 1D13B1F62657B97F00A4F34A /* DIN2014Narrow-Regular.eot */; };
		1D13B2052657B97F00A4F34A /* DIN2014Narrow-Light.ttf in Resources */ = {isa = PBXBuildFile; fileRef = 1D13B1F72657B97F00A4F34A /* DIN2014Narrow-Light.ttf */; };
		1D13B2062657B97F00A4F34A /* DIN2014Narrow-Regular.ttf in Resources */ = {isa = PBXBuildFile; fileRef = 1D13B1F82657B97F00A4F34A /* DIN2014Narrow-Regular.ttf */; };
		1D13B2072657B97F00A4F34A /* DIN2014Narrow-Regular.svg in Resources */ = {isa = PBXBuildFile; fileRef = 1D13B1F92657B97F00A4F34A /* DIN2014Narrow-Regular.svg */; };
		1D13B2082657B97F00A4F34A /* DIN2014Narrow-Bold.ttf in Resources */ = {isa = PBXBuildFile; fileRef = 1D13B1FA2657B97F00A4F34A /* DIN2014Narrow-Bold.ttf */; };
		1D13B2092657B97F00A4F34A /* DIN2014Narrow-Bold.woff2 in Resources */ = {isa = PBXBuildFile; fileRef = 1D13B1FB2657B97F00A4F34A /* DIN2014Narrow-Bold.woff2 */; };
		1D13B20A2657B97F00A4F34A /* DIN2014Narrow-Light.woff2 in Resources */ = {isa = PBXBuildFile; fileRef = 1D13B1FC2657B97F00A4F34A /* DIN2014Narrow-Light.woff2 */; };
		1D13B20B2657B97F00A4F34A /* DIN2014Narrow-Regular.woff in Resources */ = {isa = PBXBuildFile; fileRef = 1D13B1FD2657B97F00A4F34A /* DIN2014Narrow-Regular.woff */; };
		1D13B20C2657B97F00A4F34A /* DIN2014Narrow-Light.eot in Resources */ = {isa = PBXBuildFile; fileRef = 1D13B1FE2657B97F00A4F34A /* DIN2014Narrow-Light.eot */; };
		1D13B20D2657B97F00A4F34A /* DIN2014Narrow-Bold.svg in Resources */ = {isa = PBXBuildFile; fileRef = 1D13B1FF2657B97F00A4F34A /* DIN2014Narrow-Bold.svg */; };
		1D13B20E2657B97F00A4F34A /* DIN2014Narrow-Regular.woff2 in Resources */ = {isa = PBXBuildFile; fileRef = 1D13B2002657B97F00A4F34A /* DIN2014Narrow-Regular.woff2 */; };
		1D13B20F2657B97F00A4F34A /* DIN2014Narrow-Bold.woff in Resources */ = {isa = PBXBuildFile; fileRef = 1D13B2012657B97F00A4F34A /* DIN2014Narrow-Bold.woff */; };
		1D13B2102657B97F00A4F34A /* DIN2014Narrow-Light.woff in Resources */ = {isa = PBXBuildFile; fileRef = 1D13B2022657B97F00A4F34A /* DIN2014Narrow-Light.woff */; };
		1D1631BF268CBEEC007DB5E1 /* my_location.png in Resources */ = {isa = PBXBuildFile; fileRef = 1D1631BD268CBEB8007DB5E1 /* my_location.png */; };
		1D4E86A0266A669B006FF848 /* service_empty.png in Resources */ = {isa = PBXBuildFile; fileRef = 1D4E869A266A669A006FF848 /* service_empty.png */; };
		1D4E86A1266A669B006FF848 /* serviceshop_empty.png in Resources */ = {isa = PBXBuildFile; fileRef = 1D4E869B266A669A006FF848 /* serviceshop_empty.png */; };
		1D4E86A2266A669B006FF848 /* service_marker.png in Resources */ = {isa = PBXBuildFile; fileRef = 1D4E869C266A669A006FF848 /* service_marker.png */; };
		1D4E86A3266A669B006FF848 /* serviceshop_marker.png in Resources */ = {isa = PBXBuildFile; fileRef = 1D4E869D266A669A006FF848 /* serviceshop_marker.png */; };
		1D4E86A4266A669B006FF848 /* shop_empty.png in Resources */ = {isa = PBXBuildFile; fileRef = 1D4E869E266A669A006FF848 /* shop_empty.png */; };
		1D4E86A5266A669B006FF848 /* shop_marker.png in Resources */ = {isa = PBXBuildFile; fileRef = 1D4E869F266A669B006FF848 /* shop_marker.png */; };
		1DE20505271459D000F57873 /* mykross.woff in Resources */ = {isa = PBXBuildFile; fileRef = 1DE204FF271459D000F57873 /* mykross.woff */; };
		1DE20506271459D000F57873 /* mykross.woff2 in Resources */ = {isa = PBXBuildFile; fileRef = 1DE20500271459D000F57873 /* mykross.woff2 */; };
		1DE20507271459D000F57873 /* mykross.eot in Resources */ = {isa = PBXBuildFile; fileRef = 1DE20501271459D000F57873 /* mykross.eot */; };
		1DE20508271459D000F57873 /* mykross.ttf in Resources */ = {isa = PBXBuildFile; fileRef = 1DE20502271459D000F57873 /* mykross.ttf */; };
		1DE20509271459D000F57873 /* mykross.svg in Resources */ = {isa = PBXBuildFile; fileRef = 1DE20503271459D000F57873 /* mykross.svg */; };
		1DE2050A271459D000F57873 /* mykross.otf in Resources */ = {isa = PBXBuildFile; fileRef = 1DE20504271459D000F57873 /* mykross.otf */; };
		50BEF13A355C356AC6017B6E /* libPods-myKROSS-myKROSSTests.a in Frameworks */ = {isa = PBXBuildFile; fileRef = 050CBF37D74177B2B8012740 /* libPods-myKROSS-myKROSSTests.a */; };
		5D9D0C540EEBB59A33D9F0BC /* libPods-myKROSS.a in Frameworks */ = {isa = PBXBuildFile; fileRef = 977B0F74EF1287B7A795B963 /* libPods-myKROSS.a */; };
		81AB9BB82411601600AC10FF /* LaunchScreen.storyboard in Resources */ = {isa = PBXBuildFile; fileRef = 81AB9BB72411601600AC10FF /* LaunchScreen.storyboard */; };
		9009F68626452075005FBC58 /* InfoPlist.strings in Resources */ = {isa = PBXBuildFile; fileRef = 9009F68826452075005FBC58 /* InfoPlist.strings */; };
		901D6EAC26416F3B00A247E6 /* GoogleService-Info.plist in Resources */ = {isa = PBXBuildFile; fileRef = 901D6EAB26416F3B00A247E6 /* GoogleService-Info.plist */; };
		904F37B026A1875000371264 /* map_route_marker.png in Resources */ = {isa = PBXBuildFile; fileRef = 904F37AF26A1875000371264 /* map_route_marker.png */; };
		90B996A926A840590015E097 /* current_map_route_marker.png in Resources */ = {isa = PBXBuildFile; fileRef = 90B996A826A840580015E097 /* current_map_route_marker.png */; };
		BBC47965CE1341EB8CB39296 /* DIN2014Narrow-Bold.otf in Resources */ = {isa = PBXBuildFile; fileRef = 08020F1093564DD6AD7F9F1B /* DIN2014Narrow-Bold.otf */; };
		C4AB1.5.0F6B4C598D170F16 /* DIN2014Narrow-Regular.otf in Resources */ = {isa = PBXBuildFile; fileRef = B0C17BD1F8694E06997D1EFE /* DIN2014Narrow-Regular.otf */; };
		D43C97B9B2484C629391EFE3 /* DIN2014Narrow-Light.otf in Resources */ = {isa = PBXBuildFile; fileRef = 00D96B0661BF44AF8326B420 /* DIN2014Narrow-Light.otf */; };
/* End PBXBuildFile section */

/* Begin PBXContainerItemProxy section */
		00E356F41AD99517003FC87E /* PBXContainerItemProxy */ = {
			isa = PBXContainerItemProxy;
			containerPortal = 83CBB9F71A601CBA00E9B192 /* Project object */;
			proxyType = 1;
			remoteGlobalIDString = 13B07F861A680F5B00A75B9A;
			remoteInfo = myKROSS;
		};
/* End PBXContainerItemProxy section */

/* Begin PBXFileReference section */
		00D96B0661BF44AF8326B420 /* DIN2014Narrow-Light.otf */ = {isa = PBXFileReference; explicitFileType = undefined; fileEncoding = 9; includeInIndex = 0; lastKnownFileType = unknown; name = "DIN2014Narrow-Light.otf"; path = "../assets/fonts/DIN2014Narrow-Light.otf"; sourceTree = "<group>"; };
		00E356EE1AD99517003FC87E /* myKROSSTests.xctest */ = {isa = PBXFileReference; explicitFileType = wrapper.cfbundle; includeInIndex = 0; path = myKROSSTests.xctest; sourceTree = BUILT_PRODUCTS_DIR; };
		00E356F11AD99517003FC87E /* Info.plist */ = {isa = PBXFileReference; lastKnownFileType = text.plist.xml; path = Info.plist; sourceTree = "<group>"; };
		00E356F21AD99517003FC87E /* myKROSSTests.m */ = {isa = PBXFileReference; lastKnownFileType = sourcecode.c.objc; path = myKROSSTests.m; sourceTree = "<group>"; };
		02BE4337CA9BAC8820E9E33D /* Pods-myKROSS.release.xcconfig */ = {isa = PBXFileReference; includeInIndex = 1; lastKnownFileType = text.xcconfig; name = "Pods-myKROSS.release.xcconfig"; path = "Target Support Files/Pods-myKROSS/Pods-myKROSS.release.xcconfig"; sourceTree = "<group>"; };
		050CBF37D74177B2B8012740 /* libPods-myKROSS-myKROSSTests.a */ = {isa = PBXFileReference; explicitFileType = archive.ar; includeInIndex = 0; path = "libPods-myKROSS-myKROSSTests.a"; sourceTree = BUILT_PRODUCTS_DIR; };
		08020F1093564DD6AD7F9F1B /* DIN2014Narrow-Bold.otf */ = {isa = PBXFileReference; explicitFileType = undefined; fileEncoding = 9; includeInIndex = 0; lastKnownFileType = unknown; name = "DIN2014Narrow-Bold.otf"; path = "../assets/fonts/DIN2014Narrow-Bold.otf"; sourceTree = "<group>"; };
		0F1A3D925DD610A895FD42A6 /* Pods-myKROSS-myKROSSTests.debug.xcconfig */ = {isa = PBXFileReference; includeInIndex = 1; lastKnownFileType = text.xcconfig; name = "Pods-myKROSS-myKROSSTests.debug.xcconfig"; path = "Target Support Files/Pods-myKROSS-myKROSSTests/Pods-myKROSS-myKROSSTests.debug.xcconfig"; sourceTree = "<group>"; };
		13B07F961A680F5B00A75B9A /* myKROSS.app */ = {isa = PBXFileReference; explicitFileType = wrapper.application; includeInIndex = 0; path = myKROSS.app; sourceTree = BUILT_PRODUCTS_DIR; };
		13B07FAF1A68108700A75B9A /* AppDelegate.h */ = {isa = PBXFileReference; fileEncoding = 4; lastKnownFileType = sourcecode.c.h; path = AppDelegate.h; sourceTree = "<group>"; };
		13B07FB01A68108700A75B9A /* AppDelegate.m */ = {isa = PBXFileReference; fileEncoding = 4; lastKnownFileType = sourcecode.c.objc; path = AppDelegate.m; sourceTree = "<group>"; };
		13B07FB51A68108700A75B9A /* Images.xcassets */ = {isa = PBXFileReference; lastKnownFileType = folder.assetcatalog; path = Images.xcassets; sourceTree = "<group>"; };
		13B07FB61A68108700A75B9A /* Info.plist */ = {isa = PBXFileReference; fileEncoding = 4; lastKnownFileType = text.plist.xml; path = Info.plist; sourceTree = "<group>"; };
		13B07FB71A68108700A75B9A /* main.m */ = {isa = PBXFileReference; fileEncoding = 4; lastKnownFileType = sourcecode.c.objc; path = main.m; sourceTree = "<group>"; };
		1A564B1E20CA2D091E92B367 /* Pods-myKROSS-myKROSSTests.test.release.xcconfig */ = {isa = PBXFileReference; includeInIndex = 1; lastKnownFileType = text.xcconfig; name = "Pods-myKROSS-myKROSSTests.test.release.xcconfig"; path = "Target Support Files/Pods-myKROSS-myKROSSTests/Pods-myKROSS-myKROSSTests.test.release.xcconfig"; sourceTree = "<group>"; };
		1D13B1F32657B94D00A4F34A /* DIN2014Narrow-Bold.eot */ = {isa = PBXFileReference; lastKnownFileType = file; name = "DIN2014Narrow-Bold.eot"; path = "../assets/fonts/DIN2014Narrow-Bold.eot"; sourceTree = "<group>"; };
		1D13B1F52657B97F00A4F34A /* DIN2014Narrow-Light.svg */ = {isa = PBXFileReference; lastKnownFileType = text.xml; name = "DIN2014Narrow-Light.svg"; path = "../assets/fonts/DIN2014Narrow-Light.svg"; sourceTree = "<group>"; };
		1D13B1F62657B97F00A4F34A /* DIN2014Narrow-Regular.eot */ = {isa = PBXFileReference; lastKnownFileType = file; name = "DIN2014Narrow-Regular.eot"; path = "../assets/fonts/DIN2014Narrow-Regular.eot"; sourceTree = "<group>"; };
		1D13B1F72657B97F00A4F34A /* DIN2014Narrow-Light.ttf */ = {isa = PBXFileReference; lastKnownFileType = file; name = "DIN2014Narrow-Light.ttf"; path = "../assets/fonts/DIN2014Narrow-Light.ttf"; sourceTree = "<group>"; };
		1D13B1F82657B97F00A4F34A /* DIN2014Narrow-Regular.ttf */ = {isa = PBXFileReference; lastKnownFileType = file; name = "DIN2014Narrow-Regular.ttf"; path = "../assets/fonts/DIN2014Narrow-Regular.ttf"; sourceTree = "<group>"; };
		1D13B1F92657B97F00A4F34A /* DIN2014Narrow-Regular.svg */ = {isa = PBXFileReference; lastKnownFileType = text.xml; name = "DIN2014Narrow-Regular.svg"; path = "../assets/fonts/DIN2014Narrow-Regular.svg"; sourceTree = "<group>"; };
		1D13B1FA2657B97F00A4F34A /* DIN2014Narrow-Bold.ttf */ = {isa = PBXFileReference; lastKnownFileType = file; name = "DIN2014Narrow-Bold.ttf"; path = "../assets/fonts/DIN2014Narrow-Bold.ttf"; sourceTree = "<group>"; };
		1D13B1FB2657B97F00A4F34A /* DIN2014Narrow-Bold.woff2 */ = {isa = PBXFileReference; lastKnownFileType = file; name = "DIN2014Narrow-Bold.woff2"; path = "../assets/fonts/DIN2014Narrow-Bold.woff2"; sourceTree = "<group>"; };
		1D13B1FC2657B97F00A4F34A /* DIN2014Narrow-Light.woff2 */ = {isa = PBXFileReference; lastKnownFileType = file; name = "DIN2014Narrow-Light.woff2"; path = "../assets/fonts/DIN2014Narrow-Light.woff2"; sourceTree = "<group>"; };
		1D13B1FD2657B97F00A4F34A /* DIN2014Narrow-Regular.woff */ = {isa = PBXFileReference; lastKnownFileType = file; name = "DIN2014Narrow-Regular.woff"; path = "../assets/fonts/DIN2014Narrow-Regular.woff"; sourceTree = "<group>"; };
		1D13B1FE2657B97F00A4F34A /* DIN2014Narrow-Light.eot */ = {isa = PBXFileReference; lastKnownFileType = file; name = "DIN2014Narrow-Light.eot"; path = "../assets/fonts/DIN2014Narrow-Light.eot"; sourceTree = "<group>"; };
		1D13B1FF2657B97F00A4F34A /* DIN2014Narrow-Bold.svg */ = {isa = PBXFileReference; lastKnownFileType = text.xml; name = "DIN2014Narrow-Bold.svg"; path = "../assets/fonts/DIN2014Narrow-Bold.svg"; sourceTree = "<group>"; };
		1D13B2002657B97F00A4F34A /* DIN2014Narrow-Regular.woff2 */ = {isa = PBXFileReference; lastKnownFileType = file; name = "DIN2014Narrow-Regular.woff2"; path = "../assets/fonts/DIN2014Narrow-Regular.woff2"; sourceTree = "<group>"; };
		1D13B2012657B97F00A4F34A /* DIN2014Narrow-Bold.woff */ = {isa = PBXFileReference; lastKnownFileType = file; name = "DIN2014Narrow-Bold.woff"; path = "../assets/fonts/DIN2014Narrow-Bold.woff"; sourceTree = "<group>"; };
		1D13B2022657B97F00A4F34A /* DIN2014Narrow-Light.woff */ = {isa = PBXFileReference; lastKnownFileType = file; name = "DIN2014Narrow-Light.woff"; path = "../assets/fonts/DIN2014Narrow-Light.woff"; sourceTree = "<group>"; };
		1D1631BD268CBEB8007DB5E1 /* my_location.png */ = {isa = PBXFileReference; lastKnownFileType = image.png; name = my_location.png; path = ../android/app/src/main/assets/my_location.png; sourceTree = "<group>"; };
		1D4E869A266A669A006FF848 /* service_empty.png */ = {isa = PBXFileReference; lastKnownFileType = image.png; name = service_empty.png; path = ../assets/service_empty.png; sourceTree = "<group>"; };
		1D4E869B266A669A006FF848 /* serviceshop_empty.png */ = {isa = PBXFileReference; lastKnownFileType = image.png; name = serviceshop_empty.png; path = ../assets/serviceshop_empty.png; sourceTree = "<group>"; };
		1D4E869C266A669A006FF848 /* service_marker.png */ = {isa = PBXFileReference; lastKnownFileType = image.png; name = service_marker.png; path = ../assets/service_marker.png; sourceTree = "<group>"; };
		1D4E869D266A669A006FF848 /* serviceshop_marker.png */ = {isa = PBXFileReference; lastKnownFileType = image.png; name = serviceshop_marker.png; path = ../assets/serviceshop_marker.png; sourceTree = "<group>"; };
		1D4E869E266A669A006FF848 /* shop_empty.png */ = {isa = PBXFileReference; lastKnownFileType = image.png; name = shop_empty.png; path = ../assets/shop_empty.png; sourceTree = "<group>"; };
		1D4E869F266A669B006FF848 /* shop_marker.png */ = {isa = PBXFileReference; lastKnownFileType = image.png; name = shop_marker.png; path = ../assets/shop_marker.png; sourceTree = "<group>"; };
		1DE204FF271459D000F57873 /* mykross.woff */ = {isa = PBXFileReference; lastKnownFileType = file; name = mykross.woff; path = ../assets/fonts/mykross.woff; sourceTree = "<group>"; };
		1DE20500271459D000F57873 /* mykross.woff2 */ = {isa = PBXFileReference; lastKnownFileType = file; name = mykross.woff2; path = ../assets/fonts/mykross.woff2; sourceTree = "<group>"; };
		1DE20501271459D000F57873 /* mykross.eot */ = {isa = PBXFileReference; lastKnownFileType = file; name = mykross.eot; path = ../assets/fonts/mykross.eot; sourceTree = "<group>"; };
		1DE20502271459D000F57873 /* mykross.ttf */ = {isa = PBXFileReference; lastKnownFileType = file; name = mykross.ttf; path = ../assets/fonts/mykross.ttf; sourceTree = "<group>"; };
		1DE20503271459D000F57873 /* mykross.svg */ = {isa = PBXFileReference; lastKnownFileType = text.xml; name = mykross.svg; path = ../assets/fonts/mykross.svg; sourceTree = "<group>"; };
		1DE20504271459D000F57873 /* mykross.otf */ = {isa = PBXFileReference; lastKnownFileType = file; name = mykross.otf; path = ../assets/fonts/mykross.otf; sourceTree = "<group>"; };
		2AE800598711FB5191A0C1A8 /* Pods-myKROSS.test.release.xcconfig */ = {isa = PBXFileReference; includeInIndex = 1; lastKnownFileType = text.xcconfig; name = "Pods-myKROSS.test.release.xcconfig"; path = "Target Support Files/Pods-myKROSS/Pods-myKROSS.test.release.xcconfig"; sourceTree = "<group>"; };
		3A8A469B70A3EDABC4272F04 /* Pods-myKROSS.dev.release.xcconfig */ = {isa = PBXFileReference; includeInIndex = 1; lastKnownFileType = text.xcconfig; name = "Pods-myKROSS.dev.release.xcconfig"; path = "Target Support Files/Pods-myKROSS/Pods-myKROSS.dev.release.xcconfig"; sourceTree = "<group>"; };
		3C95ADB686834ACD18AB882F /* Pods-myKROSS.debug.xcconfig */ = {isa = PBXFileReference; includeInIndex = 1; lastKnownFileType = text.xcconfig; name = "Pods-myKROSS.debug.xcconfig"; path = "Target Support Files/Pods-myKROSS/Pods-myKROSS.debug.xcconfig"; sourceTree = "<group>"; };
		3DB8EA61B36DE49DB64C5F59 /* Pods-myKROSS.dev.debug.xcconfig */ = {isa = PBXFileReference; includeInIndex = 1; lastKnownFileType = text.xcconfig; name = "Pods-myKROSS.dev.debug.xcconfig"; path = "Target Support Files/Pods-myKROSS/Pods-myKROSS.dev.debug.xcconfig"; sourceTree = "<group>"; };
		58C00D7468E8BC0EED5FF8DD /* Pods-myKROSS-myKROSSTests.release.xcconfig */ = {isa = PBXFileReference; includeInIndex = 1; lastKnownFileType = text.xcconfig; name = "Pods-myKROSS-myKROSSTests.release.xcconfig"; path = "Target Support Files/Pods-myKROSS-myKROSSTests/Pods-myKROSS-myKROSSTests.release.xcconfig"; sourceTree = "<group>"; };
		81AB9BB72411601600AC10FF /* LaunchScreen.storyboard */ = {isa = PBXFileReference; fileEncoding = 4; lastKnownFileType = file.storyboard; path = LaunchScreen.storyboard; sourceTree = "<group>"; };
		9009F68726452075005FBC58 /* pl */ = {isa = PBXFileReference; lastKnownFileType = text.plist.strings; name = pl; path = pl.lproj/InfoPlist.strings; sourceTree = "<group>"; };
		901D6EAB26416F3B00A247E6 /* GoogleService-Info.plist */ = {isa = PBXFileReference; fileEncoding = 4; lastKnownFileType = text.plist.xml; path = "GoogleService-Info.plist"; sourceTree = "<group>"; };
		9039C9492636A74E00C355DE /* myKROSS.entitlements */ = {isa = PBXFileReference; lastKnownFileType = text.plist.entitlements; path = myKROSS.entitlements; sourceTree = "<group>"; };
		904F37AF26A1875000371264 /* map_route_marker.png */ = {isa = PBXFileReference; lastKnownFileType = image.png; name = map_route_marker.png; path = ../src/assets/images/map_route_marker.png; sourceTree = "<group>"; };
		906302002EEEABF1D72FEF5A /* Pods-myKROSS-myKROSSTests.dev.debug.xcconfig */ = {isa = PBXFileReference; includeInIndex = 1; lastKnownFileType = text.xcconfig; name = "Pods-myKROSS-myKROSSTests.dev.debug.xcconfig"; path = "Target Support Files/Pods-myKROSS-myKROSSTests/Pods-myKROSS-myKROSSTests.dev.debug.xcconfig"; sourceTree = "<group>"; };
		90B996A826A840580015E097 /* current_map_route_marker.png */ = {isa = PBXFileReference; lastKnownFileType = image.png; name = current_map_route_marker.png; path = ../src/assets/images/current_map_route_marker.png; sourceTree = "<group>"; };
		977B0F74EF1287B7A795B963 /* libPods-myKROSS.a */ = {isa = PBXFileReference; explicitFileType = archive.ar; includeInIndex = 0; path = "libPods-myKROSS.a"; sourceTree = BUILT_PRODUCTS_DIR; };
		B0C17BD1F8694E06997D1EFE /* DIN2014Narrow-Regular.otf */ = {isa = PBXFileReference; explicitFileType = undefined; fileEncoding = 9; includeInIndex = 0; lastKnownFileType = unknown; name = "DIN2014Narrow-Regular.otf"; path = "../assets/fonts/DIN2014Narrow-Regular.otf"; sourceTree = "<group>"; };
		B918969F0965245799A522BA /* Pods-myKROSS.test.debug.xcconfig */ = {isa = PBXFileReference; includeInIndex = 1; lastKnownFileType = text.xcconfig; name = "Pods-myKROSS.test.debug.xcconfig"; path = "Target Support Files/Pods-myKROSS/Pods-myKROSS.test.debug.xcconfig"; sourceTree = "<group>"; };
		BB3A5FB155A7CF418A3137A4 /* Pods-myKROSS-myKROSSTests.test.debug.xcconfig */ = {isa = PBXFileReference; includeInIndex = 1; lastKnownFileType = text.xcconfig; name = "Pods-myKROSS-myKROSSTests.test.debug.xcconfig"; path = "Target Support Files/Pods-myKROSS-myKROSSTests/Pods-myKROSS-myKROSSTests.test.debug.xcconfig"; sourceTree = "<group>"; };
		C48D7B2E3FFA118DC2A85BA5 /* Pods-myKROSS-myKROSSTests.dev.release.xcconfig */ = {isa = PBXFileReference; includeInIndex = 1; lastKnownFileType = text.xcconfig; name = "Pods-myKROSS-myKROSSTests.dev.release.xcconfig"; path = "Target Support Files/Pods-myKROSS-myKROSSTests/Pods-myKROSS-myKROSSTests.dev.release.xcconfig"; sourceTree = "<group>"; };
		ED297162215061F000B7C4FE /* JavaScriptCore.framework */ = {isa = PBXFileReference; lastKnownFileType = wrapper.framework; name = JavaScriptCore.framework; path = System/Library/Frameworks/JavaScriptCore.framework; sourceTree = SDKROOT; };
/* End PBXFileReference section */

/* Begin PBXFrameworksBuildPhase section */
		00E356EB1AD99517003FC87E /* Frameworks */ = {
			isa = PBXFrameworksBuildPhase;
			buildActionMask = 2147483647;
			files = (
				50BEF13A355C356AC6017B6E /* libPods-myKROSS-myKROSSTests.a in Frameworks */,
			);
			runOnlyForDeploymentPostprocessing = 0;
		};
		13B07F8C1A680F5B00A75B9A /* Frameworks */ = {
			isa = PBXFrameworksBuildPhase;
			buildActionMask = 2147483647;
			files = (
				5D9D0C540EEBB59A33D9F0BC /* libPods-myKROSS.a in Frameworks */,
			);
			runOnlyForDeploymentPostprocessing = 0;
		};
/* End PBXFrameworksBuildPhase section */

/* Begin PBXGroup section */
		00E356EF1AD99517003FC87E /* myKROSSTests */ = {
			isa = PBXGroup;
			children = (
				00E356F21AD99517003FC87E /* myKROSSTests.m */,
				00E356F01AD99517003FC87E /* Supporting Files */,
			);
			path = myKROSSTests;
			sourceTree = "<group>";
		};
		00E356F01AD99517003FC87E /* Supporting Files */ = {
			isa = PBXGroup;
			children = (
				00E356F11AD99517003FC87E /* Info.plist */,
			);
			name = "Supporting Files";
			sourceTree = "<group>";
		};
		13B07FAE1A68108700A75B9A /* myKROSS */ = {
			isa = PBXGroup;
			children = (
				9039C9492636A74E00C355DE /* myKROSS.entitlements */,
				13B07FAF1A68108700A75B9A /* AppDelegate.h */,
				13B07FB01A68108700A75B9A /* AppDelegate.m */,
				13B07FB51A68108700A75B9A /* Images.xcassets */,
				13B07FB61A68108700A75B9A /* Info.plist */,
				81AB9BB72411601600AC10FF /* LaunchScreen.storyboard */,
				13B07FB71A68108700A75B9A /* main.m */,
				9009F68826452075005FBC58 /* InfoPlist.strings */,
			);
			path = myKROSS;
			sourceTree = "<group>";
		};
		2D16E6871FA4F8E400B85C8A /* Frameworks */ = {
			isa = PBXGroup;
			children = (
				ED297162215061F000B7C4FE /* JavaScriptCore.framework */,
				977B0F74EF1287B7A795B963 /* libPods-myKROSS.a */,
				050CBF37D74177B2B8012740 /* libPods-myKROSS-myKROSSTests.a */,
			);
			name = Frameworks;
			sourceTree = "<group>";
		};
		363CC143E32C8CFABED66E18 /* Pods */ = {
			isa = PBXGroup;
			children = (
				3C95ADB686834ACD18AB882F /* Pods-myKROSS.debug.xcconfig */,
				3DB8EA61B36DE49DB64C5F59 /* Pods-myKROSS.dev.debug.xcconfig */,
				B918969F0965245799A522BA /* Pods-myKROSS.test.debug.xcconfig */,
				02BE4337CA9BAC8820E9E33D /* Pods-myKROSS.release.xcconfig */,
				3A8A469B70A3EDABC4272F04 /* Pods-myKROSS.dev.release.xcconfig */,
				2AE800598711FB5191A0C1A8 /* Pods-myKROSS.test.release.xcconfig */,
				0F1A3D925DD610A895FD42A6 /* Pods-myKROSS-myKROSSTests.debug.xcconfig */,
				906302002EEEABF1D72FEF5A /* Pods-myKROSS-myKROSSTests.dev.debug.xcconfig */,
				BB3A5FB155A7CF418A3137A4 /* Pods-myKROSS-myKROSSTests.test.debug.xcconfig */,
				58C00D7468E8BC0EED5FF8DD /* Pods-myKROSS-myKROSSTests.release.xcconfig */,
				C48D7B2E3FFA118DC2A85BA5 /* Pods-myKROSS-myKROSSTests.dev.release.xcconfig */,
				1A564B1E20CA2D091E92B367 /* Pods-myKROSS-myKROSSTests.test.release.xcconfig */,
			);
			path = Pods;
			sourceTree = "<group>";
		};
		832341AE1AAA6A7D00B99B32 /* Libraries */ = {
			isa = PBXGroup;
			children = (
			);
			name = Libraries;
			sourceTree = "<group>";
		};
		83CBB9F61A601CBA00E9B192 = {
			isa = PBXGroup;
			children = (
				1DE20501271459D000F57873 /* mykross.eot */,
				1DE20504271459D000F57873 /* mykross.otf */,
				1DE20503271459D000F57873 /* mykross.svg */,
				1DE20502271459D000F57873 /* mykross.ttf */,
				1DE204FF271459D000F57873 /* mykross.woff */,
				1DE20500271459D000F57873 /* mykross.woff2 */,
				1D1631BD268CBEB8007DB5E1 /* my_location.png */,
				1D4E869A266A669A006FF848 /* service_empty.png */,
				1D4E869C266A669A006FF848 /* service_marker.png */,
				1D4E869B266A669A006FF848 /* serviceshop_empty.png */,
				1D4E869D266A669A006FF848 /* serviceshop_marker.png */,
				904F37AF26A1875000371264 /* map_route_marker.png */,
				1D4E869E266A669A006FF848 /* shop_empty.png */,
				1D4E869F266A669B006FF848 /* shop_marker.png */,
				1D13B1FF2657B97F00A4F34A /* DIN2014Narrow-Bold.svg */,
				90B996A826A840580015E097 /* current_map_route_marker.png */,
				1D13B1FA2657B97F00A4F34A /* DIN2014Narrow-Bold.ttf */,
				1D13B2012657B97F00A4F34A /* DIN2014Narrow-Bold.woff */,
				1D13B1FB2657B97F00A4F34A /* DIN2014Narrow-Bold.woff2 */,
				1D13B1FE2657B97F00A4F34A /* DIN2014Narrow-Light.eot */,
				1D13B1F52657B97F00A4F34A /* DIN2014Narrow-Light.svg */,
				1D13B1F72657B97F00A4F34A /* DIN2014Narrow-Light.ttf */,
				1D13B2022657B97F00A4F34A /* DIN2014Narrow-Light.woff */,
				1D13B1FC2657B97F00A4F34A /* DIN2014Narrow-Light.woff2 */,
				1D13B1F62657B97F00A4F34A /* DIN2014Narrow-Regular.eot */,
				1D13B1F92657B97F00A4F34A /* DIN2014Narrow-Regular.svg */,
				1D13B1F82657B97F00A4F34A /* DIN2014Narrow-Regular.ttf */,
				1D13B1FD2657B97F00A4F34A /* DIN2014Narrow-Regular.woff */,
				1D13B2002657B97F00A4F34A /* DIN2014Narrow-Regular.woff2 */,
				1D13B1F32657B94D00A4F34A /* DIN2014Narrow-Bold.eot */,
				901D6EAB26416F3B00A247E6 /* GoogleService-Info.plist */,
				13B07FAE1A68108700A75B9A /* myKROSS */,
				832341AE1AAA6A7D00B99B32 /* Libraries */,
				00E356EF1AD99517003FC87E /* myKROSSTests */,
				83CBBA001A601CBA00E9B192 /* Products */,
				2D16E6871FA4F8E400B85C8A /* Frameworks */,
				D6408B2030884D8585E0AD48 /* Resources */,
				363CC143E32C8CFABED66E18 /* Pods */,
			);
			indentWidth = 2;
			sourceTree = "<group>";
			tabWidth = 2;
			usesTabs = 0;
		};
		83CBBA001A601CBA00E9B192 /* Products */ = {
			isa = PBXGroup;
			children = (
				13B07F961A680F5B00A75B9A /* myKROSS.app */,
				00E356EE1AD99517003FC87E /* myKROSSTests.xctest */,
			);
			name = Products;
			sourceTree = "<group>";
		};
		D6408B2030884D8585E0AD48 /* Resources */ = {
			isa = PBXGroup;
			children = (
				00D96B0661BF44AF8326B420 /* DIN2014Narrow-Light.otf */,
				B0C17BD1F8694E06997D1EFE /* DIN2014Narrow-Regular.otf */,
				08020F1093564DD6AD7F9F1B /* DIN2014Narrow-Bold.otf */,
			);
			name = Resources;
			sourceTree = "<group>";
		};
/* End PBXGroup section */

/* Begin PBXNativeTarget section */
		00E356ED1AD99517003FC87E /* myKROSSTests */ = {
			isa = PBXNativeTarget;
			buildConfigurationList = 00E357021AD99517003FC87E /* Build configuration list for PBXNativeTarget "myKROSSTests" */;
			buildPhases = (
				C49C14DB2503A5A18E8CAFE0 /* [CP] Check Pods Manifest.lock */,
				00E356EA1AD99517003FC87E /* Sources */,
				00E356EB1AD99517003FC87E /* Frameworks */,
				00E356EC1AD99517003FC87E /* Resources */,
				9B8D4F9FAC614C1CA47C47C4 /* [CP] Embed Pods Frameworks */,
				899E7188AFA93FA9324561A2 /* [CP] Copy Pods Resources */,
			);
			buildRules = (
			);
			dependencies = (
				00E356F51AD99517003FC87E /* PBXTargetDependency */,
			);
			name = myKROSSTests;
			productName = myKROSSTests;
			productReference = 00E356EE1AD99517003FC87E /* myKROSSTests.xctest */;
			productType = "com.apple.product-type.bundle.unit-test";
		};
		13B07F861A680F5B00A75B9A /* myKROSS */ = {
			isa = PBXNativeTarget;
			buildConfigurationList = 13B07F931A680F5B00A75B9A /* Build configuration list for PBXNativeTarget "myKROSS" */;
			buildPhases = (
				AC9B4548D80F44D195FCC4C7 /* [CP] Check Pods Manifest.lock */,
				FD10A7F022414F080027D42C /* Start Packager */,
				13B07F871A680F5B00A75B9A /* Sources */,
				13B07F8C1A680F5B00A75B9A /* Frameworks */,
				13B07F8E1A680F5B00A75B9A /* Resources */,
				00DD1BFF1BD5951E006B06BC /* Bundle React Native code and images */,
				90BFD12926C5E8B700813DB1 /* FirebaseCrashlytics Symbols uploader */,
				1591FE856D2544E98DBA8FDE /* Upload Debug Symbols to Sentry */,
				ECA210B4A5E845867CCDA1A1 /* [CP] Embed Pods Frameworks */,
				D71FA2B8379C7E61946D5EEB /* [CP] Copy Pods Resources */,
				7682D766507CAF3E72F3C105 /* [CP-User] [RNFB] Core Configuration */,
				99B62062946096D4B7249D21 /* [CP-User] [RNFB] Crashlytics Configuration */,
			);
			buildRules = (
			);
			dependencies = (
			);
			name = myKROSS;
			productName = myKROSS;
			productReference = 13B07F961A680F5B00A75B9A /* myKROSS.app */;
			productType = "com.apple.product-type.application";
		};
/* End PBXNativeTarget section */

/* Begin PBXProject section */
		83CBB9F71A601CBA00E9B192 /* Project object */ = {
			isa = PBXProject;
			attributes = {
				LastUpgradeCheck = 1210;
				TargetAttributes = {
					00E356ED1AD99517003FC87E = {
						CreatedOnToolsVersion = 6.2;
						TestTargetID = 13B07F861A680F5B00A75B9A;
					};
					13B07F861A680F5B00A75B9A = {
						LastSwiftMigration = 1120;
					};
				};
			};
			buildConfigurationList = 83CBB9FA1A601CBA00E9B192 /* Build configuration list for PBXProject "myKROSS" */;
			compatibilityVersion = "Xcode 12.0";
			developmentRegion = en;
			hasScannedForEncodings = 0;
			knownRegions = (
				en,
				Base,
				pl,
			);
			mainGroup = 83CBB9F61A601CBA00E9B192;
			productRefGroup = 83CBBA001A601CBA00E9B192 /* Products */;
			projectDirPath = "";
			projectRoot = "";
			targets = (
				13B07F861A680F5B00A75B9A /* myKROSS */,
				00E356ED1AD99517003FC87E /* myKROSSTests */,
			);
		};
/* End PBXProject section */

/* Begin PBXResourcesBuildPhase section */
		00E356EC1AD99517003FC87E /* Resources */ = {
			isa = PBXResourcesBuildPhase;
			buildActionMask = 2147483647;
			files = (
			);
			runOnlyForDeploymentPostprocessing = 0;
		};
		13B07F8E1A680F5B00A75B9A /* Resources */ = {
			isa = PBXResourcesBuildPhase;
			buildActionMask = 2147483647;
			files = (
				1D1631BF268CBEEC007DB5E1 /* my_location.png in Resources */,
				1D4E86A0266A669B006FF848 /* service_empty.png in Resources */,
				1D4E86A1266A669B006FF848 /* serviceshop_empty.png in Resources */,
				1D4E86A2266A669B006FF848 /* service_marker.png in Resources */,
				1D4E86A3266A669B006FF848 /* serviceshop_marker.png in Resources */,
				1D4E86A4266A669B006FF848 /* shop_empty.png in Resources */,
				1D4E86A5266A669B006FF848 /* shop_marker.png in Resources */,
				1D13B2032657B97F00A4F34A /* DIN2014Narrow-Light.svg in Resources */,
				904F37B026A1875000371264 /* map_route_marker.png in Resources */,
				1D13B2042657B97F00A4F34A /* DIN2014Narrow-Regular.eot in Resources */,
				1D13B2052657B97F00A4F34A /* DIN2014Narrow-Light.ttf in Resources */,
				1D13B2062657B97F00A4F34A /* DIN2014Narrow-Regular.ttf in Resources */,
				1D13B2072657B97F00A4F34A /* DIN2014Narrow-Regular.svg in Resources */,
				1D13B2082657B97F00A4F34A /* DIN2014Narrow-Bold.ttf in Resources */,
				1D13B2092657B97F00A4F34A /* DIN2014Narrow-Bold.woff2 in Resources */,
				1D13B20A2657B97F00A4F34A /* DIN2014Narrow-Light.woff2 in Resources */,
				1D13B20B2657B97F00A4F34A /* DIN2014Narrow-Regular.woff in Resources */,
				1D13B20C2657B97F00A4F34A /* DIN2014Narrow-Light.eot in Resources */,
				1D13B20D2657B97F00A4F34A /* DIN2014Narrow-Bold.svg in Resources */,
				90B996A926A840590015E097 /* current_map_route_marker.png in Resources */,
				1D13B20E2657B97F00A4F34A /* DIN2014Narrow-Regular.woff2 in Resources */,
				1D13B20F2657B97F00A4F34A /* DIN2014Narrow-Bold.woff in Resources */,
				1D13B2102657B97F00A4F34A /* DIN2014Narrow-Light.woff in Resources */,
				1D13B1F42657B94D00A4F34A /* DIN2014Narrow-Bold.eot in Resources */,
				9009F68626452075005FBC58 /* InfoPlist.strings in Resources */,
				81AB9BB82411601600AC10FF /* LaunchScreen.storyboard in Resources */,
				13B07FBF1A68108700A75B9A /* Images.xcassets in Resources */,
				D43C97B9B2484C629391EFE3 /* DIN2014Narrow-Light.otf in Resources */,
				C4AB1.5.0F6B4C598D170F16 /* DIN2014Narrow-Regular.otf in Resources */,
				BBC47965CE1341EB8CB39296 /* DIN2014Narrow-Bold.otf in Resources */,
				901D6EAC26416F3B00A247E6 /* GoogleService-Info.plist in Resources */,
				1DE20505271459D000F57873 /* mykross.woff in Resources */,
				1DE20506271459D000F57873 /* mykross.woff2 in Resources */,
				1DE20507271459D000F57873 /* mykross.eot in Resources */,
				1DE20508271459D000F57873 /* mykross.ttf in Resources */,
				1DE20509271459D000F57873 /* mykross.svg in Resources */,
				1DE2050A271459D000F57873 /* mykross.otf in Resources */,
			);
			runOnlyForDeploymentPostprocessing = 0;
		};
/* End PBXResourcesBuildPhase section */

/* Begin PBXShellScriptBuildPhase section */
		00DD1BFF1BD5951E006B06BC /* Bundle React Native code and images */ = {
			isa = PBXShellScriptBuildPhase;
			buildActionMask = 2147483647;
			files = (
			);
			inputPaths = (
			);
			name = "Bundle React Native code and images";
			outputPaths = (
			);
			runOnlyForDeploymentPostprocessing = 0;
			shellPath = /bin/sh;
			shellScript = "export SENTRY_PROPERTIES=sentry.properties\nexport EXTRA_PACKAGER_ARGS=\"--sourcemap-output $DERIVED_FILE_DIR/main.jsbundle.map\"\nset -e\n\nexport NODE_BINARY=node\n../node_modules/@sentry/cli/bin/sentry-cli react-native xcode --force-foreground ../node_modules/react-native/scripts/react-native-xcode.sh\n";
		};
		1591FE856D2544E98DBA8FDE /* Upload Debug Symbols to Sentry */ = {
			isa = PBXShellScriptBuildPhase;
			buildActionMask = 8;
			files = (
			);
			inputPaths = (
			);
			name = "Upload Debug Symbols to Sentry";
			outputPaths = (
			);
			runOnlyForDeploymentPostprocessing = 1;
			shellPath = /bin/sh;
			shellScript = "export SENTRY_PROPERTIES=sentry.properties\n../node_modules/@sentry/cli/bin/sentry-cli upload-dsym --force-foreground\n";
		};
		7682D766507CAF3E72F3C105 /* [CP-User] [RNFB] Core Configuration */ = {
			isa = PBXShellScriptBuildPhase;
			buildActionMask = 2147483647;
			files = (
			);
			inputPaths = (
				"$(SRCROOT)/$(BUILT_PRODUCTS_DIR)/$(INFOPLIST_PATH)",
			);
			name = "[CP-User] [RNFB] Core Configuration";
			runOnlyForDeploymentPostprocessing = 0;
			shellPath = /bin/sh;
			shellScript = "#!/usr/bin/env bash\n#\n# Copyright (c) 2016-present Invertase Limited & Contributors\n#\n# Licensed under the Apache License, Version 2.0 (the \"License\");\n# you may not use this library except in compliance with the License.\n# You may obtain a copy of the License at\n#\n#   http://www.apache.org/licenses/LICENSE-2.0\n#\n# Unless required by applicable law or agreed to in writing, software\n# distributed under the License is distributed on an \"AS IS\" BASIS,\n# WITHOUT WARRANTIES OR CONDITIONS OF ANY KIND, either express or implied.\n# See the License for the specific language governing permissions and\n# limitations under the License.\n#\nset -e\n\n_MAX_LOOKUPS=2;\n_SEARCH_RESULT=''\n_RN_ROOT_EXISTS=''\n_CURRENT_LOOKUPS=1\n_JSON_ROOT=\"'react-native'\"\n_JSON_FILE_NAME='firebase.json'\n_JSON_OUTPUT_BASE64='e30=' # { }\n_CURRENT_SEARCH_DIR=${PROJECT_DIR}\n_PLIST_BUDDY=/usr/libexec/PlistBuddy\n_TARGET_PLIST=\"${BUILT_PRODUCTS_DIR}/${INFOPLIST_PATH}\"\n_DSYM_PLIST=\"${DWARF_DSYM_FOLDER_PATH}/${DWARF_DSYM_FILE_NAME}/Contents/Info.plist\"\n\n# plist arrays\n_PLIST_ENTRY_KEYS=()\n_PLIST_ENTRY_TYPES=()\n_PLIST_ENTRY_VALUES=()\n\nfunction setPlistValue {\n  echo \"info:      setting plist entry '$1' of type '$2' in file '$4'\"\n  ${_PLIST_BUDDY} -c \"Add :$1 $2 '$3'\" $4 || echo \"info:      '$1' already exists\"\n}\n\nfunction getFirebaseJsonKeyValue () {\n  if [[ ${_RN_ROOT_EXISTS} ]]; then\n    ruby -e \"require 'rubygems';require 'json'; output=JSON.parse('$1'); puts output[$_JSON_ROOT]['$2']\"\n  else\n    echo \"\"\n  fi;\n}\n\nfunction jsonBoolToYesNo () {\n  if [[ $1 == \"false\" ]]; then\n    echo \"NO\"\n  elif [[ $1 == \"true\" ]]; then\n    echo \"YES\"\n  else echo \"NO\"\n  fi\n}\n\necho \"info: -> RNFB build script started\"\necho \"info: 1) Locating ${_JSON_FILE_NAME} file:\"\n\nif [[ -z ${_CURRENT_SEARCH_DIR} ]]; then\n  _CURRENT_SEARCH_DIR=$(pwd)\nfi;\n\nwhile true; do\n  _CURRENT_SEARCH_DIR=$(dirname \"$_CURRENT_SEARCH_DIR\")\n  if [[ \"$_CURRENT_SEARCH_DIR\" == \"/\" ]] || [[ ${_CURRENT_LOOKUPS} -gt ${_MAX_LOOKUPS} ]]; then break; fi;\n  echo \"info:      ($_CURRENT_LOOKUPS of $_MAX_LOOKUPS) Searching in '$_CURRENT_SEARCH_DIR' for a ${_JSON_FILE_NAME} file.\"\n  _SEARCH_RESULT=$(find \"$_CURRENT_SEARCH_DIR\" -maxdepth 2 -name ${_JSON_FILE_NAME} -print | head -n 1)\n  if [[ ${_SEARCH_RESULT} ]]; then\n    echo \"info:      ${_JSON_FILE_NAME} found at $_SEARCH_RESULT\"\n    break;\n  fi;\n  _CURRENT_LOOKUPS=$((_CURRENT_LOOKUPS+1))\ndone\n\nif [[ ${_SEARCH_RESULT} ]]; then\n  _JSON_OUTPUT_RAW=$(cat \"${_SEARCH_RESULT}\")\n  _RN_ROOT_EXISTS=$(ruby -e \"require 'rubygems';require 'json'; output=JSON.parse('$_JSON_OUTPUT_RAW'); puts output[$_JSON_ROOT]\" || echo '')\n\n  if [[ ${_RN_ROOT_EXISTS} ]]; then\n    _JSON_OUTPUT_BASE64=$(python -c 'import json,sys,base64;print(base64.b64encode(json.dumps(json.loads(open('\"'${_SEARCH_RESULT}'\"').read())['${_JSON_ROOT}'])))' || echo \"e30=\")\n  fi\n\n  _PLIST_ENTRY_KEYS+=(\"firebase_json_raw\")\n  _PLIST_ENTRY_TYPES+=(\"string\")\n  _PLIST_ENTRY_VALUES+=(\"$_JSON_OUTPUT_BASE64\")\n\n  # config.analytics_auto_collection_enabled\n  _ANALYTICS_AUTO_COLLECTION=$(getFirebaseJsonKeyValue \"$_JSON_OUTPUT_RAW\" \"analytics_auto_collection_enabled\")\n  if [[ $_ANALYTICS_AUTO_COLLECTION ]]; then\n    _PLIST_ENTRY_KEYS+=(\"FIREBASE_ANALYTICS_COLLECTION_ENABLED\")\n    _PLIST_ENTRY_TYPES+=(\"bool\")\n    _PLIST_ENTRY_VALUES+=(\"$(jsonBoolToYesNo \"$_ANALYTICS_AUTO_COLLECTION\")\")\n  fi\n\n  # config.perf_auto_collection_enabled\n  _PERF_AUTO_COLLECTION=$(getFirebaseJsonKeyValue \"$_JSON_OUTPUT_RAW\" \"perf_auto_collection_enabled\")\n  if [[ $_PERF_AUTO_COLLECTION ]]; then\n    _PLIST_ENTRY_KEYS+=(\"firebase_performance_collection_enabled\")\n    _PLIST_ENTRY_TYPES+=(\"bool\")\n    _PLIST_ENTRY_VALUES+=(\"$(jsonBoolToYesNo \"$_PERF_AUTO_COLLECTION\")\")\n  fi\n\n  # config.messaging_auto_init_enabled\n  _MESSAGING_AUTO_INIT=$(getFirebaseJsonKeyValue \"$_JSON_OUTPUT_RAW\" \"messaging_auto_init_enabled\")\n  if [[ $_MESSAGING_AUTO_INIT ]]; then\n    _PLIST_ENTRY_KEYS+=(\"FirebaseMessagingAutoInitEnabled\")\n    _PLIST_ENTRY_TYPES+=(\"bool\")\n    _PLIST_ENTRY_VALUES+=(\"$(jsonBoolToYesNo \"$_MESSAGING_AUTO_INIT\")\")\n  fi\n\n  # config.crashlytics_disable_auto_disabler - undocumented for now - mainly for debugging, document if becomes useful\n  _CRASHLYTICS_AUTO_DISABLE_ENABLED=$(getFirebaseJsonKeyValue \"$_JSON_OUTPUT_RAW\" \"crashlytics_disable_auto_disabler\")\n  if [[ $_CRASHLYTICS_AUTO_DISABLE_ENABLED == \"true\" ]]; then\n    echo \"Disabled Crashlytics auto disabler.\" # do nothing\n  else\n    _PLIST_ENTRY_KEYS+=(\"FirebaseCrashlyticsCollectionEnabled\")\n    _PLIST_ENTRY_TYPES+=(\"bool\")\n    _PLIST_ENTRY_VALUES+=(\"NO\")\n  fi\n\n  # config.admob_delay_app_measurement_init\n  _ADMOB_DELAY_APP_MEASUREMENT=$(getFirebaseJsonKeyValue \"$_JSON_OUTPUT_RAW\" \"admob_delay_app_measurement_init\")\n  if [[ $_ADMOB_DELAY_APP_MEASUREMENT == \"true\" ]]; then\n    _PLIST_ENTRY_KEYS+=(\"GADDelayAppMeasurementInit\")\n    _PLIST_ENTRY_TYPES+=(\"bool\")\n    _PLIST_ENTRY_VALUES+=(\"YES\")\n  fi\n\n  # config.admob_ios_app_id\n  _ADMOB_IOS_APP_ID=$(getFirebaseJsonKeyValue \"$_JSON_OUTPUT_RAW\" \"admob_ios_app_id\")\n  if [[ $_ADMOB_IOS_APP_ID ]]; then\n    _PLIST_ENTRY_KEYS+=(\"GADApplicationIdentifier\")\n    _PLIST_ENTRY_TYPES+=(\"string\")\n    _PLIST_ENTRY_VALUES+=(\"$_ADMOB_IOS_APP_ID\")\n  fi\nelse\n  _PLIST_ENTRY_KEYS+=(\"firebase_json_raw\")\n  _PLIST_ENTRY_TYPES+=(\"string\")\n  _PLIST_ENTRY_VALUES+=(\"$_JSON_OUTPUT_BASE64\")\n  echo \"warning:   A firebase.json file was not found, whilst this file is optional it is recommended to include it to configure firebase services in React Native Firebase.\"\nfi;\n\necho \"info: 2) Injecting Info.plist entries: \"\n\n# Log out the keys we're adding\nfor i in \"${!_PLIST_ENTRY_KEYS[@]}\"; do\n  echo \"    ->  $i) ${_PLIST_ENTRY_KEYS[$i]}\" \"${_PLIST_ENTRY_TYPES[$i]}\" \"${_PLIST_ENTRY_VALUES[$i]}\"\ndone\n\nfor plist in \"${_TARGET_PLIST}\" \"${_DSYM_PLIST}\" ; do\n  if [[ -f \"${plist}\" ]]; then\n\n    # paths with spaces break the call to setPlistValue. temporarily modify\n    # the shell internal field separator variable (IFS), which normally\n    # includes spaces, to consist only of line breaks\n    oldifs=$IFS\n    IFS=\"\n\"\n\n    for i in \"${!_PLIST_ENTRY_KEYS[@]}\"; do\n      setPlistValue \"${_PLIST_ENTRY_KEYS[$i]}\" \"${_PLIST_ENTRY_TYPES[$i]}\" \"${_PLIST_ENTRY_VALUES[$i]}\" \"${plist}\"\n    done\n\n    # restore the original internal field separator value\n    IFS=$oldifs\n  else\n    echo \"warning:   A Info.plist build output file was not found (${plist})\"\n  fi\ndone\n\necho \"info: <- RNFB build script finished\"\n";
		};
		899E7188AFA93FA9324561A2 /* [CP] Copy Pods Resources */ = {
			isa = PBXShellScriptBuildPhase;
			buildActionMask = 2147483647;
			files = (
			);
			inputFileListPaths = (
				"${PODS_ROOT}/Target Support Files/Pods-myKROSS-myKROSSTests/Pods-myKROSS-myKROSSTests-resources-${CONFIGURATION}-input-files.xcfilelist",
			);
			name = "[CP] Copy Pods Resources";
			outputFileListPaths = (
				"${PODS_ROOT}/Target Support Files/Pods-myKROSS-myKROSSTests/Pods-myKROSS-myKROSSTests-resources-${CONFIGURATION}-output-files.xcfilelist",
			);
			runOnlyForDeploymentPostprocessing = 0;
			shellPath = /bin/sh;
			shellScript = "\"${PODS_ROOT}/Target Support Files/Pods-myKROSS-myKROSSTests/Pods-myKROSS-myKROSSTests-resources.sh\"\n";
			showEnvVarsInLog = 0;
		};
		90BFD12926C5E8B700813DB1 /* FirebaseCrashlytics Symbols uploader */ = {
			isa = PBXShellScriptBuildPhase;
			buildActionMask = 8;
			files = (
			);
			inputFileListPaths = (
			);
			inputPaths = (
			);
			name = "FirebaseCrashlytics Symbols uploader";
			outputFileListPaths = (
			);
			outputPaths = (
			);
			runOnlyForDeploymentPostprocessing = 1;
			shellPath = /bin/sh;
			shellScript = "echo \"Symbols Directory\"\necho \"${DWARF_DSYM_FOLDER_PATH}/${DWARF_DSYM_FILE_NAME}\"\n\n\"${PODS_ROOT}/FirebaseCrashlytics/upload-symbols\" -gsp \"${PROJECT_DIR}/GoogleService-Info.plist\" -p ios \"${DWARF_DSYM_FOLDER_PATH}/${DWARF_DSYM_FILE_NAME}\"\n";
		};
		99B62062946096D4B7249D21 /* [CP-User] [RNFB] Crashlytics Configuration */ = {
			isa = PBXShellScriptBuildPhase;
			buildActionMask = 2147483647;
			files = (
			);
			inputPaths = (
				"${DWARF_DSYM_FOLDER_PATH}/${DWARF_DSYM_FILE_NAME}/Contents/Resources/DWARF/${TARGET_NAME}",
				"$(SRCROOT)/$(BUILT_PRODUCTS_DIR)/$(INFOPLIST_PATH)",
			);
			name = "[CP-User] [RNFB] Crashlytics Configuration";
			runOnlyForDeploymentPostprocessing = 0;
			shellPath = /bin/sh;
			shellScript = "#!/usr/bin/env bash\n#\n# Copyright (c) 2016-present Invertase Limited & Contributors\n#\n# Licensed under the Apache License, Version 2.0 (the \"License\");\n# you may not use this library except in compliance with the License.\n# You may obtain a copy of the License at\n#\n#   http://www.apache.org/licenses/LICENSE-2.0\n#\n# Unless required by applicable law or agreed to in writing, software\n# distributed under the License is distributed on an \"AS IS\" BASIS,\n# WITHOUT WARRANTIES OR CONDITIONS OF ANY KIND, either express or implied.\n# See the License for the specific language governing permissions and\n# limitations under the License.\n#\nset -e\n\nif [[ ${PODS_ROOT} ]]; then\n  echo \"info: Exec FirebaseCrashlytics Run from Pods\"\n  \"${PODS_ROOT}/FirebaseCrashlytics/run\"\nelse\n  echo \"info: Exec FirebaseCrashlytics Run from framework\"\n  \"${PROJECT_DIR}/FirebaseCrashlytics.framework/run\"\nfi\n";
		};
		9B8D4F9FAC614C1CA47C47C4 /* [CP] Embed Pods Frameworks */ = {
			isa = PBXShellScriptBuildPhase;
			buildActionMask = 2147483647;
			files = (
			);
			inputFileListPaths = (
				"${PODS_ROOT}/Target Support Files/Pods-myKROSS-myKROSSTests/Pods-myKROSS-myKROSSTests-frameworks-${CONFIGURATION}-input-files.xcfilelist",
			);
			name = "[CP] Embed Pods Frameworks";
			outputFileListPaths = (
				"${PODS_ROOT}/Target Support Files/Pods-myKROSS-myKROSSTests/Pods-myKROSS-myKROSSTests-frameworks-${CONFIGURATION}-output-files.xcfilelist",
			);
			runOnlyForDeploymentPostprocessing = 0;
			shellPath = /bin/sh;
			shellScript = "\"${PODS_ROOT}/Target Support Files/Pods-myKROSS-myKROSSTests/Pods-myKROSS-myKROSSTests-frameworks.sh\"\n";
			showEnvVarsInLog = 0;
		};
		AC9B4548D80F44D195FCC4C7 /* [CP] Check Pods Manifest.lock */ = {
			isa = PBXShellScriptBuildPhase;
			buildActionMask = 2147483647;
			files = (
			);
			inputFileListPaths = (
			);
			inputPaths = (
				"${PODS_PODFILE_DIR_PATH}/Podfile.lock",
				"${PODS_ROOT}/Manifest.lock",
			);
			name = "[CP] Check Pods Manifest.lock";
			outputFileListPaths = (
			);
			outputPaths = (
				"$(DERIVED_FILE_DIR)/Pods-myKROSS-checkManifestLockResult.txt",
			);
			runOnlyForDeploymentPostprocessing = 0;
			shellPath = /bin/sh;
			shellScript = "diff \"${PODS_PODFILE_DIR_PATH}/Podfile.lock\" \"${PODS_ROOT}/Manifest.lock\" > /dev/null\nif [ $? != 0 ] ; then\n    # print error to STDERR\n    echo \"error: The sandbox is not in sync with the Podfile.lock. Run 'pod install' or update your CocoaPods installation.\" >&2\n    exit 1\nfi\n# This output is used by Xcode 'outputs' to avoid re-running this script phase.\necho \"SUCCESS\" > \"${SCRIPT_OUTPUT_FILE_0}\"\n";
			showEnvVarsInLog = 0;
		};
		C49C14DB2503A5A18E8CAFE0 /* [CP] Check Pods Manifest.lock */ = {
			isa = PBXShellScriptBuildPhase;
			buildActionMask = 2147483647;
			files = (
			);
			inputFileListPaths = (
			);
			inputPaths = (
				"${PODS_PODFILE_DIR_PATH}/Podfile.lock",
				"${PODS_ROOT}/Manifest.lock",
			);
			name = "[CP] Check Pods Manifest.lock";
			outputFileListPaths = (
			);
			outputPaths = (
				"$(DERIVED_FILE_DIR)/Pods-myKROSS-myKROSSTests-checkManifestLockResult.txt",
			);
			runOnlyForDeploymentPostprocessing = 0;
			shellPath = /bin/sh;
			shellScript = "diff \"${PODS_PODFILE_DIR_PATH}/Podfile.lock\" \"${PODS_ROOT}/Manifest.lock\" > /dev/null\nif [ $? != 0 ] ; then\n    # print error to STDERR\n    echo \"error: The sandbox is not in sync with the Podfile.lock. Run 'pod install' or update your CocoaPods installation.\" >&2\n    exit 1\nfi\n# This output is used by Xcode 'outputs' to avoid re-running this script phase.\necho \"SUCCESS\" > \"${SCRIPT_OUTPUT_FILE_0}\"\n";
			showEnvVarsInLog = 0;
		};
		D71FA2B8379C7E61946D5EEB /* [CP] Copy Pods Resources */ = {
			isa = PBXShellScriptBuildPhase;
			buildActionMask = 2147483647;
			files = (
			);
			inputFileListPaths = (
				"${PODS_ROOT}/Target Support Files/Pods-myKROSS/Pods-myKROSS-resources-${CONFIGURATION}-input-files.xcfilelist",
			);
			name = "[CP] Copy Pods Resources";
			outputFileListPaths = (
				"${PODS_ROOT}/Target Support Files/Pods-myKROSS/Pods-myKROSS-resources-${CONFIGURATION}-output-files.xcfilelist",
			);
			runOnlyForDeploymentPostprocessing = 0;
			shellPath = /bin/sh;
			shellScript = "\"${PODS_ROOT}/Target Support Files/Pods-myKROSS/Pods-myKROSS-resources.sh\"\n";
			showEnvVarsInLog = 0;
		};
		ECA210B4A5E845867CCDA1A1 /* [CP] Embed Pods Frameworks */ = {
			isa = PBXShellScriptBuildPhase;
			buildActionMask = 2147483647;
			files = (
			);
			inputFileListPaths = (
				"${PODS_ROOT}/Target Support Files/Pods-myKROSS/Pods-myKROSS-frameworks-${CONFIGURATION}-input-files.xcfilelist",
			);
			name = "[CP] Embed Pods Frameworks";
			outputFileListPaths = (
				"${PODS_ROOT}/Target Support Files/Pods-myKROSS/Pods-myKROSS-frameworks-${CONFIGURATION}-output-files.xcfilelist",
			);
			runOnlyForDeploymentPostprocessing = 0;
			shellPath = /bin/sh;
			shellScript = "\"${PODS_ROOT}/Target Support Files/Pods-myKROSS/Pods-myKROSS-frameworks.sh\"\n";
			showEnvVarsInLog = 0;
		};
		FD10A7F022414F080027D42C /* Start Packager */ = {
			isa = PBXShellScriptBuildPhase;
			buildActionMask = 2147483647;
			files = (
			);
			inputFileListPaths = (
			);
			inputPaths = (
			);
			name = "Start Packager";
			outputFileListPaths = (
			);
			outputPaths = (
			);
			runOnlyForDeploymentPostprocessing = 0;
			shellPath = /bin/sh;
			shellScript = "export RCT_METRO_PORT=\"${RCT_METRO_PORT:=8081}\"\necho \"export RCT_METRO_PORT=${RCT_METRO_PORT}\" > \"${SRCROOT}/../node_modules/react-native/scripts/.packager.env\"\nif [ -z \"${RCT_NO_LAUNCH_PACKAGER+xxx}\" ] ; then\n  if nc -w 5 -z localhost ${RCT_METRO_PORT} ; then\n    if ! curl -s \"http://localhost:${RCT_METRO_PORT}/status\" | grep -q \"packager-status:running\" ; then\n      echo \"Port ${RCT_METRO_PORT} already in use, packager is either not running or not running correctly\"\n      exit 2\n    fi\n  else\n    open \"$SRCROOT/../node_modules/react-native/scripts/launchPackager.command\" || echo \"Can't start packager automatically\"\n  fi\nfi\n";
			showEnvVarsInLog = 0;
		};
/* End PBXShellScriptBuildPhase section */

/* Begin PBXSourcesBuildPhase section */
		00E356EA1AD99517003FC87E /* Sources */ = {
			isa = PBXSourcesBuildPhase;
			buildActionMask = 2147483647;
			files = (
				00E356F31AD99517003FC87E /* myKROSSTests.m in Sources */,
			);
			runOnlyForDeploymentPostprocessing = 0;
		};
		13B07F871A680F5B00A75B9A /* Sources */ = {
			isa = PBXSourcesBuildPhase;
			buildActionMask = 2147483647;
			files = (
				13B07FBC1A68108700A75B9A /* AppDelegate.m in Sources */,
				13B07FC11A68108700A75B9A /* main.m in Sources */,
			);
			runOnlyForDeploymentPostprocessing = 0;
		};
/* End PBXSourcesBuildPhase section */

/* Begin PBXTargetDependency section */
		00E356F51AD99517003FC87E /* PBXTargetDependency */ = {
			isa = PBXTargetDependency;
			target = 13B07F861A680F5B00A75B9A /* myKROSS */;
			targetProxy = 00E356F41AD99517003FC87E /* PBXContainerItemProxy */;
		};
/* End PBXTargetDependency section */

/* Begin PBXVariantGroup section */
		9009F68826452075005FBC58 /* InfoPlist.strings */ = {
			isa = PBXVariantGroup;
			children = (
				9009F68726452075005FBC58 /* pl */,
			);
			name = InfoPlist.strings;
			sourceTree = "<group>";
		};
/* End PBXVariantGroup section */

/* Begin XCBuildConfiguration section */
		00E356F61AD99517003FC87E /* Debug */ = {
			isa = XCBuildConfiguration;
			baseConfigurationReference = 0F1A3D925DD610A895FD42A6 /* Pods-myKROSS-myKROSSTests.debug.xcconfig */;
			buildSettings = {
				BUNDLE_LOADER = "$(TEST_HOST)";
				GCC_PREPROCESSOR_DEFINITIONS = (
					"DEBUG=1",
					"$(inherited)",
				);
				INFOPLIST_FILE = myKROSSTests/Info.plist;
				IPHONEOS_DEPLOYMENT_TARGET = 10.0;
				LD_RUNPATH_SEARCH_PATHS = (
					"$(inherited)",
					"@executable_path/Frameworks",
					"@loader_path/Frameworks",
				);
				OTHER_LDFLAGS = (
					"-ObjC",
					"-lc++",
					"$(inherited)",
				);
				PRODUCT_BUNDLE_IDENTIFIER = "org.reactjs.native.example.$(PRODUCT_NAME:rfc1034identifier)";
				PRODUCT_NAME = "$(TARGET_NAME)";
				TEST_HOST = "$(BUILT_PRODUCTS_DIR)/myKROSS.app/myKROSS";
			};
			name = Debug;
		};
		00E356F71AD99517003FC87E /* Release */ = {
			isa = XCBuildConfiguration;
			baseConfigurationReference = 58C00D7468E8BC0EED5FF8DD /* Pods-myKROSS-myKROSSTests.release.xcconfig */;
			buildSettings = {
				BUNDLE_LOADER = "$(TEST_HOST)";
				COPY_PHASE_STRIP = NO;
				INFOPLIST_FILE = myKROSSTests/Info.plist;
				IPHONEOS_DEPLOYMENT_TARGET = 10.0;
				LD_RUNPATH_SEARCH_PATHS = (
					"$(inherited)",
					"@executable_path/Frameworks",
					"@loader_path/Frameworks",
				);
				OTHER_LDFLAGS = (
					"-ObjC",
					"-lc++",
					"$(inherited)",
				);
				PRODUCT_BUNDLE_IDENTIFIER = "org.reactjs.native.example.$(PRODUCT_NAME:rfc1034identifier)";
				PRODUCT_NAME = "$(TARGET_NAME)";
				TEST_HOST = "$(BUILT_PRODUCTS_DIR)/myKROSS.app/myKROSS";
			};
			name = Release;
		};
		13B07F941A680F5B00A75B9A /* Debug */ = {
			isa = XCBuildConfiguration;
			baseConfigurationReference = 3C95ADB686834ACD18AB882F /* Pods-myKROSS.debug.xcconfig */;
			buildSettings = {
				ASSETCATALOG_COMPILER_APPICON_NAME = AppIcon;
				CLANG_ENABLE_MODULES = YES;
				CODE_SIGN_ENTITLEMENTS = myKROSS/myKROSS.entitlements;
				CURRENT_PROJECT_VERSION = 1;
				DEVELOPMENT_TEAM = QC3LNKY272;
				ENABLE_BITCODE = NO;
				INFOPLIST_FILE = "$(SRCROOT)/myKROSS/Info.plist";
				IPHONEOS_DEPLOYMENT_TARGET = 13.0;
				LD_RUNPATH_SEARCH_PATHS = (
					"$(inherited)",
					"@executable_path/Frameworks",
				);
				MARKETING_VERSION = 1.6.2;
				OTHER_LDFLAGS = (
					"$(inherited)",
					"-ObjC",
					"-lc++",
				);
				PRODUCT_BUNDLE_IDENTIFIER = pl.kross.mykross;
				PRODUCT_NAME = myKROSS;
				SWIFT_OPTIMIZATION_LEVEL = "-Onone";
				SWIFT_VERSION = 5.0;
				VERSIONING_SYSTEM = "apple-generic";
			};
			name = Debug;
		};
		13B07F951A680F5B00A75B9A /* Release */ = {
			isa = XCBuildConfiguration;
			baseConfigurationReference = 02BE4337CA9BAC8820E9E33D /* Pods-myKROSS.release.xcconfig */;
			buildSettings = {
				ASSETCATALOG_COMPILER_APPICON_NAME = AppIcon;
				CLANG_ENABLE_MODULES = YES;
				CODE_SIGN_ENTITLEMENTS = myKROSS/myKROSS.entitlements;
				CURRENT_PROJECT_VERSION = 1;
				DEVELOPMENT_TEAM = QC3LNKY272;
				INFOPLIST_FILE = "$(SRCROOT)/myKROSS/Info.plist";
				IPHONEOS_DEPLOYMENT_TARGET = 13.0;
				LD_RUNPATH_SEARCH_PATHS = (
					"$(inherited)",
					"@executable_path/Frameworks",
				);
				MARKETING_VERSION = 1.6.2;
				OTHER_LDFLAGS = (
					"$(inherited)",
					"-ObjC",
					"-lc++",
				);
				PRODUCT_BUNDLE_IDENTIFIER = pl.kross.mykross;
				PRODUCT_NAME = myKROSS;
				SWIFT_VERSION = 5.0;
				VERSIONING_SYSTEM = "apple-generic";
			};
			name = Release;
		};
		83CBBA201A601CBA00E9B192 /* Debug */ = {
			isa = XCBuildConfiguration;
			buildSettings = {
				ALWAYS_SEARCH_USER_PATHS = NO;
				CLANG_ANALYZER_LOCALIZABILITY_NONLOCALIZED = YES;
				CLANG_CXX_LANGUAGE_STANDARD = "gnu++0x";
				CLANG_CXX_LIBRARY = "libc++";
				CLANG_ENABLE_MODULES = YES;
				CLANG_ENABLE_OBJC_ARC = YES;
				CLANG_WARN_BLOCK_CAPTURE_AUTORELEASING = YES;
				CLANG_WARN_BOOL_CONVERSION = YES;
				CLANG_WARN_COMMA = YES;
				CLANG_WARN_CONSTANT_CONVERSION = YES;
				CLANG_WARN_DEPRECATED_OBJC_IMPLEMENTATIONS = YES;
				CLANG_WARN_DIRECT_OBJC_ISA_USAGE = YES_ERROR;
				CLANG_WARN_EMPTY_BODY = YES;
				CLANG_WARN_ENUM_CONVERSION = YES;
				CLANG_WARN_INFINITE_RECURSION = YES;
				CLANG_WARN_INT_CONVERSION = YES;
				CLANG_WARN_NON_LITERAL_NULL_CONVERSION = YES;
				CLANG_WARN_OBJC_IMPLICIT_RETAIN_SELF = YES;
				CLANG_WARN_OBJC_LITERAL_CONVERSION = YES;
				CLANG_WARN_OBJC_ROOT_CLASS = YES_ERROR;
				CLANG_WARN_QUOTED_INCLUDE_IN_FRAMEWORK_HEADER = YES;
				CLANG_WARN_RANGE_LOOP_ANALYSIS = YES;
				CLANG_WARN_STRICT_PROTOTYPES = YES;
				CLANG_WARN_SUSPICIOUS_MOVE = YES;
				CLANG_WARN_UNREACHABLE_CODE = YES;
				CLANG_WARN__DUPLICATE_METHOD_MATCH = YES;
				"CODE_SIGN_IDENTITY[sdk=iphoneos*]" = "iPhone Developer";
				COPY_PHASE_STRIP = NO;
				ENABLE_STRICT_OBJC_MSGSEND = YES;
				ENABLE_TESTABILITY = YES;
				"EXCLUDED_ARCHS[sdk=iphonesimulator*]" = "arm64 ";
				GCC_C_LANGUAGE_STANDARD = gnu99;
				GCC_DYNAMIC_NO_PIC = NO;
				GCC_NO_COMMON_BLOCKS = YES;
				GCC_OPTIMIZATION_LEVEL = 0;
				GCC_PREPROCESSOR_DEFINITIONS = (
					"DEBUG=1",
					"$(inherited)",
				);
				GCC_SYMBOLS_PRIVATE_EXTERN = NO;
				GCC_WARN_64_TO_32_BIT_CONVERSION = YES;
				GCC_WARN_ABOUT_RETURN_TYPE = YES_ERROR;
				GCC_WARN_UNDECLARED_SELECTOR = YES;
				GCC_WARN_UNINITIALIZED_AUTOS = YES_AGGRESSIVE;
				GCC_WARN_UNUSED_FUNCTION = YES;
				GCC_WARN_UNUSED_VARIABLE = YES;
				IPHONEOS_DEPLOYMENT_TARGET = 13.0;
				LD_RUNPATH_SEARCH_PATHS = (
					/usr/lib/swift,
					"$(inherited)",
				);
				LIBRARY_SEARCH_PATHS = (
					"\"$(TOOLCHAIN_DIR)/usr/lib/swift/$(PLATFORM_NAME)\"",
					"\"$(TOOLCHAIN_DIR)/usr/lib/swift-5.0/$(PLATFORM_NAME)\"",
					"\"$(inherited)\"",
				);
				MTL_ENABLE_DEBUG_INFO = YES;
				ONLY_ACTIVE_ARCH = YES;
				SDKROOT = iphoneos;
			};
			name = Debug;
		};
		83CBBA211A601CBA00E9B192 /* Release */ = {
			isa = XCBuildConfiguration;
			buildSettings = {
				ALWAYS_SEARCH_USER_PATHS = NO;
				CLANG_ANALYZER_LOCALIZABILITY_NONLOCALIZED = YES;
				CLANG_CXX_LANGUAGE_STANDARD = "gnu++0x";
				CLANG_CXX_LIBRARY = "libc++";
				CLANG_ENABLE_MODULES = YES;
				CLANG_ENABLE_OBJC_ARC = YES;
				CLANG_WARN_BLOCK_CAPTURE_AUTORELEASING = YES;
				CLANG_WARN_BOOL_CONVERSION = YES;
				CLANG_WARN_COMMA = YES;
				CLANG_WARN_CONSTANT_CONVERSION = YES;
				CLANG_WARN_DEPRECATED_OBJC_IMPLEMENTATIONS = YES;
				CLANG_WARN_DIRECT_OBJC_ISA_USAGE = YES_ERROR;
				CLANG_WARN_EMPTY_BODY = YES;
				CLANG_WARN_ENUM_CONVERSION = YES;
				CLANG_WARN_INFINITE_RECURSION = YES;
				CLANG_WARN_INT_CONVERSION = YES;
				CLANG_WARN_NON_LITERAL_NULL_CONVERSION = YES;
				CLANG_WARN_OBJC_IMPLICIT_RETAIN_SELF = YES;
				CLANG_WARN_OBJC_LITERAL_CONVERSION = YES;
				CLANG_WARN_OBJC_ROOT_CLASS = YES_ERROR;
				CLANG_WARN_QUOTED_INCLUDE_IN_FRAMEWORK_HEADER = YES;
				CLANG_WARN_RANGE_LOOP_ANALYSIS = YES;
				CLANG_WARN_STRICT_PROTOTYPES = YES;
				CLANG_WARN_SUSPICIOUS_MOVE = YES;
				CLANG_WARN_UNREACHABLE_CODE = YES;
				CLANG_WARN__DUPLICATE_METHOD_MATCH = YES;
				"CODE_SIGN_IDENTITY[sdk=iphoneos*]" = "iPhone Developer";
				COPY_PHASE_STRIP = YES;
				ENABLE_NS_ASSERTIONS = NO;
				ENABLE_STRICT_OBJC_MSGSEND = YES;
				"EXCLUDED_ARCHS[sdk=iphonesimulator*]" = "arm64 ";
				GCC_C_LANGUAGE_STANDARD = gnu99;
				GCC_NO_COMMON_BLOCKS = YES;
				GCC_WARN_64_TO_32_BIT_CONVERSION = YES;
				GCC_WARN_ABOUT_RETURN_TYPE = YES_ERROR;
				GCC_WARN_UNDECLARED_SELECTOR = YES;
				GCC_WARN_UNINITIALIZED_AUTOS = YES_AGGRESSIVE;
				GCC_WARN_UNUSED_FUNCTION = YES;
				GCC_WARN_UNUSED_VARIABLE = YES;
				IPHONEOS_DEPLOYMENT_TARGET = 13.0;
				LD_RUNPATH_SEARCH_PATHS = (
					/usr/lib/swift,
					"$(inherited)",
				);
				LIBRARY_SEARCH_PATHS = (
					"\"$(TOOLCHAIN_DIR)/usr/lib/swift/$(PLATFORM_NAME)\"",
					"\"$(TOOLCHAIN_DIR)/usr/lib/swift-5.0/$(PLATFORM_NAME)\"",
					"\"$(inherited)\"",
				);
				MTL_ENABLE_DEBUG_INFO = NO;
				SDKROOT = iphoneos;
				VALIDATE_PRODUCT = YES;
			};
			name = Release;
		};
		90F934FB26C5D599001FEFCA /* Test.Release */ = {
			isa = XCBuildConfiguration;
			buildSettings = {
				ALWAYS_SEARCH_USER_PATHS = NO;
				CLANG_ANALYZER_LOCALIZABILITY_NONLOCALIZED = YES;
				CLANG_CXX_LANGUAGE_STANDARD = "gnu++0x";
				CLANG_CXX_LIBRARY = "libc++";
				CLANG_ENABLE_MODULES = YES;
				CLANG_ENABLE_OBJC_ARC = YES;
				CLANG_WARN_BLOCK_CAPTURE_AUTORELEASING = YES;
				CLANG_WARN_BOOL_CONVERSION = YES;
				CLANG_WARN_COMMA = YES;
				CLANG_WARN_CONSTANT_CONVERSION = YES;
				CLANG_WARN_DEPRECATED_OBJC_IMPLEMENTATIONS = YES;
				CLANG_WARN_DIRECT_OBJC_ISA_USAGE = YES_ERROR;
				CLANG_WARN_EMPTY_BODY = YES;
				CLANG_WARN_ENUM_CONVERSION = YES;
				CLANG_WARN_INFINITE_RECURSION = YES;
				CLANG_WARN_INT_CONVERSION = YES;
				CLANG_WARN_NON_LITERAL_NULL_CONVERSION = YES;
				CLANG_WARN_OBJC_IMPLICIT_RETAIN_SELF = YES;
				CLANG_WARN_OBJC_LITERAL_CONVERSION = YES;
				CLANG_WARN_OBJC_ROOT_CLASS = YES_ERROR;
				CLANG_WARN_QUOTED_INCLUDE_IN_FRAMEWORK_HEADER = YES;
				CLANG_WARN_RANGE_LOOP_ANALYSIS = YES;
				CLANG_WARN_STRICT_PROTOTYPES = YES;
				CLANG_WARN_SUSPICIOUS_MOVE = YES;
				CLANG_WARN_UNREACHABLE_CODE = YES;
				CLANG_WARN__DUPLICATE_METHOD_MATCH = YES;
				"CODE_SIGN_IDENTITY[sdk=iphoneos*]" = "iPhone Developer";
				COPY_PHASE_STRIP = YES;
				ENABLE_NS_ASSERTIONS = NO;
				ENABLE_STRICT_OBJC_MSGSEND = YES;
				"EXCLUDED_ARCHS[sdk=iphonesimulator*]" = "arm64 ";
				GCC_C_LANGUAGE_STANDARD = gnu99;
				GCC_NO_COMMON_BLOCKS = YES;
				GCC_WARN_64_TO_32_BIT_CONVERSION = YES;
				GCC_WARN_ABOUT_RETURN_TYPE = YES_ERROR;
				GCC_WARN_UNDECLARED_SELECTOR = YES;
				GCC_WARN_UNINITIALIZED_AUTOS = YES_AGGRESSIVE;
				GCC_WARN_UNUSED_FUNCTION = YES;
				GCC_WARN_UNUSED_VARIABLE = YES;
				IPHONEOS_DEPLOYMENT_TARGET = 13.0;
				LD_RUNPATH_SEARCH_PATHS = (
					/usr/lib/swift,
					"$(inherited)",
				);
				LIBRARY_SEARCH_PATHS = (
					"\"$(TOOLCHAIN_DIR)/usr/lib/swift/$(PLATFORM_NAME)\"",
					"\"$(TOOLCHAIN_DIR)/usr/lib/swift-5.0/$(PLATFORM_NAME)\"",
					"\"$(inherited)\"",
				);
				MTL_ENABLE_DEBUG_INFO = NO;
				SDKROOT = iphoneos;
				VALIDATE_PRODUCT = YES;
			};
			name = Test.Release;
		};
		90F934FC26C5D599001FEFCA /* Test.Release */ = {
			isa = XCBuildConfiguration;
			baseConfigurationReference = 2AE800598711FB5191A0C1A8 /* Pods-myKROSS.test.release.xcconfig */;
			buildSettings = {
				ASSETCATALOG_COMPILER_APPICON_NAME = AppIcon;
				CLANG_ENABLE_MODULES = YES;
				CODE_SIGN_ENTITLEMENTS = myKROSS/myKROSS.entitlements;
				CURRENT_PROJECT_VERSION = 1;
				DEVELOPMENT_TEAM = QC3LNKY272;
				INFOPLIST_FILE = "$(SRCROOT)/myKROSS/Info.plist";
				IPHONEOS_DEPLOYMENT_TARGET = 13.0;
				LD_RUNPATH_SEARCH_PATHS = (
					"$(inherited)",
					"@executable_path/Frameworks",
				);
				MARKETING_VERSION = 1.6.2;
				OTHER_LDFLAGS = (
					"$(inherited)",
					"-ObjC",
					"-lc++",
				);
				PRODUCT_BUNDLE_IDENTIFIER = pl.kross.mykross.test;
				PRODUCT_NAME = "myKROSS-test";
				SWIFT_VERSION = 5.0;
				VERSIONING_SYSTEM = "apple-generic";
			};
			name = Test.Release;
		};
		90F934FD26C5D599001FEFCA /* Test.Release */ = {
			isa = XCBuildConfiguration;
			baseConfigurationReference = 1A564B1E20CA2D091E92B367 /* Pods-myKROSS-myKROSSTests.test.release.xcconfig */;
			buildSettings = {
				BUNDLE_LOADER = "$(TEST_HOST)";
				COPY_PHASE_STRIP = NO;
				INFOPLIST_FILE = myKROSSTests/Info.plist;
				IPHONEOS_DEPLOYMENT_TARGET = 10.0;
				LD_RUNPATH_SEARCH_PATHS = (
					"$(inherited)",
					"@executable_path/Frameworks",
					"@loader_path/Frameworks",
				);
				OTHER_LDFLAGS = (
					"-ObjC",
					"-lc++",
					"$(inherited)",
				);
				PRODUCT_BUNDLE_IDENTIFIER = "org.reactjs.native.example.$(PRODUCT_NAME:rfc1034identifier)";
				PRODUCT_NAME = "$(TARGET_NAME)";
				TEST_HOST = "$(BUILT_PRODUCTS_DIR)/myKROSS.app/myKROSS";
			};
			name = Test.Release;
		};
		90F934FE26C5D5A7001FEFCA /* Dev.Release */ = {
			isa = XCBuildConfiguration;
			buildSettings = {
				ALWAYS_SEARCH_USER_PATHS = NO;
				CLANG_ANALYZER_LOCALIZABILITY_NONLOCALIZED = YES;
				CLANG_CXX_LANGUAGE_STANDARD = "gnu++0x";
				CLANG_CXX_LIBRARY = "libc++";
				CLANG_ENABLE_MODULES = YES;
				CLANG_ENABLE_OBJC_ARC = YES;
				CLANG_WARN_BLOCK_CAPTURE_AUTORELEASING = YES;
				CLANG_WARN_BOOL_CONVERSION = YES;
				CLANG_WARN_COMMA = YES;
				CLANG_WARN_CONSTANT_CONVERSION = YES;
				CLANG_WARN_DEPRECATED_OBJC_IMPLEMENTATIONS = YES;
				CLANG_WARN_DIRECT_OBJC_ISA_USAGE = YES_ERROR;
				CLANG_WARN_EMPTY_BODY = YES;
				CLANG_WARN_ENUM_CONVERSION = YES;
				CLANG_WARN_INFINITE_RECURSION = YES;
				CLANG_WARN_INT_CONVERSION = YES;
				CLANG_WARN_NON_LITERAL_NULL_CONVERSION = YES;
				CLANG_WARN_OBJC_IMPLICIT_RETAIN_SELF = YES;
				CLANG_WARN_OBJC_LITERAL_CONVERSION = YES;
				CLANG_WARN_OBJC_ROOT_CLASS = YES_ERROR;
				CLANG_WARN_QUOTED_INCLUDE_IN_FRAMEWORK_HEADER = YES;
				CLANG_WARN_RANGE_LOOP_ANALYSIS = YES;
				CLANG_WARN_STRICT_PROTOTYPES = YES;
				CLANG_WARN_SUSPICIOUS_MOVE = YES;
				CLANG_WARN_UNREACHABLE_CODE = YES;
				CLANG_WARN__DUPLICATE_METHOD_MATCH = YES;
				"CODE_SIGN_IDENTITY[sdk=iphoneos*]" = "iPhone Developer";
				COPY_PHASE_STRIP = YES;
				ENABLE_NS_ASSERTIONS = NO;
				ENABLE_STRICT_OBJC_MSGSEND = YES;
				"EXCLUDED_ARCHS[sdk=iphonesimulator*]" = "arm64 ";
				GCC_C_LANGUAGE_STANDARD = gnu99;
				GCC_NO_COMMON_BLOCKS = YES;
				GCC_WARN_64_TO_32_BIT_CONVERSION = YES;
				GCC_WARN_ABOUT_RETURN_TYPE = YES_ERROR;
				GCC_WARN_UNDECLARED_SELECTOR = YES;
				GCC_WARN_UNINITIALIZED_AUTOS = YES_AGGRESSIVE;
				GCC_WARN_UNUSED_FUNCTION = YES;
				GCC_WARN_UNUSED_VARIABLE = YES;
				IPHONEOS_DEPLOYMENT_TARGET = 13.0;
				LD_RUNPATH_SEARCH_PATHS = (
					/usr/lib/swift,
					"$(inherited)",
				);
				LIBRARY_SEARCH_PATHS = (
					"\"$(TOOLCHAIN_DIR)/usr/lib/swift/$(PLATFORM_NAME)\"",
					"\"$(TOOLCHAIN_DIR)/usr/lib/swift-5.0/$(PLATFORM_NAME)\"",
					"\"$(inherited)\"",
				);
				MTL_ENABLE_DEBUG_INFO = NO;
				SDKROOT = iphoneos;
				VALIDATE_PRODUCT = YES;
			};
			name = Dev.Release;
		};
		90F934FF26C5D5A7001FEFCA /* Dev.Release */ = {
			isa = XCBuildConfiguration;
			baseConfigurationReference = 3A8A469B70A3EDABC4272F04 /* Pods-myKROSS.dev.release.xcconfig */;
			buildSettings = {
				ASSETCATALOG_COMPILER_APPICON_NAME = AppIcon;
				CLANG_ENABLE_MODULES = YES;
				CODE_SIGN_ENTITLEMENTS = myKROSS/myKROSS.entitlements;
				CURRENT_PROJECT_VERSION = 1;
				DEVELOPMENT_TEAM = QC3LNKY272;
				INFOPLIST_FILE = "$(SRCROOT)/myKROSS/Info.plist";
				IPHONEOS_DEPLOYMENT_TARGET = 13.0;
				LD_RUNPATH_SEARCH_PATHS = (
					"$(inherited)",
					"@executable_path/Frameworks",
				);
				MARKETING_VERSION = 1.6.2;
				OTHER_LDFLAGS = (
					"$(inherited)",
					"-ObjC",
					"-lc++",
				);
				PRODUCT_BUNDLE_IDENTIFIER = pl.kross.mykross.dev;
				PRODUCT_NAME = "myKROSS-dev";
				SWIFT_VERSION = 5.0;
				VERSIONING_SYSTEM = "apple-generic";
			};
			name = Dev.Release;
		};
		90F9350026C5D5A7001FEFCA /* Dev.Release */ = {
			isa = XCBuildConfiguration;
			baseConfigurationReference = C48D7B2E3FFA118DC2A85BA5 /* Pods-myKROSS-myKROSSTests.dev.release.xcconfig */;
			buildSettings = {
				BUNDLE_LOADER = "$(TEST_HOST)";
				COPY_PHASE_STRIP = NO;
				INFOPLIST_FILE = myKROSSTests/Info.plist;
				IPHONEOS_DEPLOYMENT_TARGET = 10.0;
				LD_RUNPATH_SEARCH_PATHS = (
					"$(inherited)",
					"@executable_path/Frameworks",
					"@loader_path/Frameworks",
				);
				OTHER_LDFLAGS = (
					"-ObjC",
					"-lc++",
					"$(inherited)",
				);
				PRODUCT_BUNDLE_IDENTIFIER = "org.reactjs.native.example.$(PRODUCT_NAME:rfc1034identifier)";
				PRODUCT_NAME = "$(TARGET_NAME)";
				TEST_HOST = "$(BUILT_PRODUCTS_DIR)/myKROSS.app/myKROSS";
			};
			name = Dev.Release;
		};
		90F9350426C5D5C4001FEFCA /* Test.Debug */ = {
			isa = XCBuildConfiguration;
			buildSettings = {
				ALWAYS_SEARCH_USER_PATHS = NO;
				CLANG_ANALYZER_LOCALIZABILITY_NONLOCALIZED = YES;
				CLANG_CXX_LANGUAGE_STANDARD = "gnu++0x";
				CLANG_CXX_LIBRARY = "libc++";
				CLANG_ENABLE_MODULES = YES;
				CLANG_ENABLE_OBJC_ARC = YES;
				CLANG_WARN_BLOCK_CAPTURE_AUTORELEASING = YES;
				CLANG_WARN_BOOL_CONVERSION = YES;
				CLANG_WARN_COMMA = YES;
				CLANG_WARN_CONSTANT_CONVERSION = YES;
				CLANG_WARN_DEPRECATED_OBJC_IMPLEMENTATIONS = YES;
				CLANG_WARN_DIRECT_OBJC_ISA_USAGE = YES_ERROR;
				CLANG_WARN_EMPTY_BODY = YES;
				CLANG_WARN_ENUM_CONVERSION = YES;
				CLANG_WARN_INFINITE_RECURSION = YES;
				CLANG_WARN_INT_CONVERSION = YES;
				CLANG_WARN_NON_LITERAL_NULL_CONVERSION = YES;
				CLANG_WARN_OBJC_IMPLICIT_RETAIN_SELF = YES;
				CLANG_WARN_OBJC_LITERAL_CONVERSION = YES;
				CLANG_WARN_OBJC_ROOT_CLASS = YES_ERROR;
				CLANG_WARN_QUOTED_INCLUDE_IN_FRAMEWORK_HEADER = YES;
				CLANG_WARN_RANGE_LOOP_ANALYSIS = YES;
				CLANG_WARN_STRICT_PROTOTYPES = YES;
				CLANG_WARN_SUSPICIOUS_MOVE = YES;
				CLANG_WARN_UNREACHABLE_CODE = YES;
				CLANG_WARN__DUPLICATE_METHOD_MATCH = YES;
				"CODE_SIGN_IDENTITY[sdk=iphoneos*]" = "iPhone Developer";
				COPY_PHASE_STRIP = NO;
				ENABLE_STRICT_OBJC_MSGSEND = YES;
				ENABLE_TESTABILITY = YES;
				"EXCLUDED_ARCHS[sdk=iphonesimulator*]" = "arm64 ";
				GCC_C_LANGUAGE_STANDARD = gnu99;
				GCC_DYNAMIC_NO_PIC = NO;
				GCC_NO_COMMON_BLOCKS = YES;
				GCC_OPTIMIZATION_LEVEL = 0;
				GCC_PREPROCESSOR_DEFINITIONS = (
					"DEBUG=1",
					"$(inherited)",
				);
				GCC_SYMBOLS_PRIVATE_EXTERN = NO;
				GCC_WARN_64_TO_32_BIT_CONVERSION = YES;
				GCC_WARN_ABOUT_RETURN_TYPE = YES_ERROR;
				GCC_WARN_UNDECLARED_SELECTOR = YES;
				GCC_WARN_UNINITIALIZED_AUTOS = YES_AGGRESSIVE;
				GCC_WARN_UNUSED_FUNCTION = YES;
				GCC_WARN_UNUSED_VARIABLE = YES;
				IPHONEOS_DEPLOYMENT_TARGET = 13.0;
				LD_RUNPATH_SEARCH_PATHS = (
					/usr/lib/swift,
					"$(inherited)",
				);
				LIBRARY_SEARCH_PATHS = (
					"\"$(TOOLCHAIN_DIR)/usr/lib/swift/$(PLATFORM_NAME)\"",
					"\"$(TOOLCHAIN_DIR)/usr/lib/swift-5.0/$(PLATFORM_NAME)\"",
					"\"$(inherited)\"",
				);
				MTL_ENABLE_DEBUG_INFO = YES;
				ONLY_ACTIVE_ARCH = YES;
				SDKROOT = iphoneos;
			};
			name = Test.Debug;
		};
		90F9350526C5D5C4001FEFCA /* Test.Debug */ = {
			isa = XCBuildConfiguration;
			baseConfigurationReference = B918969F0965245799A522BA /* Pods-myKROSS.test.debug.xcconfig */;
			buildSettings = {
				ASSETCATALOG_COMPILER_APPICON_NAME = AppIcon;
				CLANG_ENABLE_MODULES = YES;
				CODE_SIGN_ENTITLEMENTS = myKROSS/myKROSS.entitlements;
				CURRENT_PROJECT_VERSION = 1;
				DEVELOPMENT_TEAM = QC3LNKY272;
				ENABLE_BITCODE = NO;
				INFOPLIST_FILE = "$(SRCROOT)/myKROSS/Info.plist";
				IPHONEOS_DEPLOYMENT_TARGET = 13.0;
				LD_RUNPATH_SEARCH_PATHS = (
					"$(inherited)",
					"@executable_path/Frameworks",
				);
				MARKETING_VERSION = 1.6.2;
				OTHER_LDFLAGS = (
					"$(inherited)",
					"-ObjC",
					"-lc++",
				);
				PRODUCT_BUNDLE_IDENTIFIER = pl.kross.mykross.test;
				PRODUCT_NAME = "myKROSS-test";
				SWIFT_OPTIMIZATION_LEVEL = "-Onone";
				SWIFT_VERSION = 5.0;
				VERSIONING_SYSTEM = "apple-generic";
			};
			name = Test.Debug;
		};
		90F9350626C5D5C4001FEFCA /* Test.Debug */ = {
			isa = XCBuildConfiguration;
			baseConfigurationReference = BB3A5FB155A7CF418A3137A4 /* Pods-myKROSS-myKROSSTests.test.debug.xcconfig */;
			buildSettings = {
				BUNDLE_LOADER = "$(TEST_HOST)";
				GCC_PREPROCESSOR_DEFINITIONS = (
					"DEBUG=1",
					"$(inherited)",
				);
				INFOPLIST_FILE = myKROSSTests/Info.plist;
				IPHONEOS_DEPLOYMENT_TARGET = 10.0;
				LD_RUNPATH_SEARCH_PATHS = (
					"$(inherited)",
					"@executable_path/Frameworks",
					"@loader_path/Frameworks",
				);
				OTHER_LDFLAGS = (
					"-ObjC",
					"-lc++",
					"$(inherited)",
				);
				PRODUCT_BUNDLE_IDENTIFIER = "org.reactjs.native.example.$(PRODUCT_NAME:rfc1034identifier)";
				PRODUCT_NAME = "$(TARGET_NAME)";
				TEST_HOST = "$(BUILT_PRODUCTS_DIR)/myKROSS.app/myKROSS";
			};
			name = Test.Debug;
		};
		90F9350726C5D5CE001FEFCA /* Dev.Debug */ = {
			isa = XCBuildConfiguration;
			buildSettings = {
				ALWAYS_SEARCH_USER_PATHS = NO;
				CLANG_ANALYZER_LOCALIZABILITY_NONLOCALIZED = YES;
				CLANG_CXX_LANGUAGE_STANDARD = "gnu++0x";
				CLANG_CXX_LIBRARY = "libc++";
				CLANG_ENABLE_MODULES = YES;
				CLANG_ENABLE_OBJC_ARC = YES;
				CLANG_WARN_BLOCK_CAPTURE_AUTORELEASING = YES;
				CLANG_WARN_BOOL_CONVERSION = YES;
				CLANG_WARN_COMMA = YES;
				CLANG_WARN_CONSTANT_CONVERSION = YES;
				CLANG_WARN_DEPRECATED_OBJC_IMPLEMENTATIONS = YES;
				CLANG_WARN_DIRECT_OBJC_ISA_USAGE = YES_ERROR;
				CLANG_WARN_EMPTY_BODY = YES;
				CLANG_WARN_ENUM_CONVERSION = YES;
				CLANG_WARN_INFINITE_RECURSION = YES;
				CLANG_WARN_INT_CONVERSION = YES;
				CLANG_WARN_NON_LITERAL_NULL_CONVERSION = YES;
				CLANG_WARN_OBJC_IMPLICIT_RETAIN_SELF = YES;
				CLANG_WARN_OBJC_LITERAL_CONVERSION = YES;
				CLANG_WARN_OBJC_ROOT_CLASS = YES_ERROR;
				CLANG_WARN_QUOTED_INCLUDE_IN_FRAMEWORK_HEADER = YES;
				CLANG_WARN_RANGE_LOOP_ANALYSIS = YES;
				CLANG_WARN_STRICT_PROTOTYPES = YES;
				CLANG_WARN_SUSPICIOUS_MOVE = YES;
				CLANG_WARN_UNREACHABLE_CODE = YES;
				CLANG_WARN__DUPLICATE_METHOD_MATCH = YES;
				"CODE_SIGN_IDENTITY[sdk=iphoneos*]" = "iPhone Developer";
				COPY_PHASE_STRIP = NO;
				ENABLE_STRICT_OBJC_MSGSEND = YES;
				ENABLE_TESTABILITY = YES;
				"EXCLUDED_ARCHS[sdk=iphonesimulator*]" = "arm64 ";
				GCC_C_LANGUAGE_STANDARD = gnu99;
				GCC_DYNAMIC_NO_PIC = NO;
				GCC_NO_COMMON_BLOCKS = YES;
				GCC_OPTIMIZATION_LEVEL = 0;
				GCC_PREPROCESSOR_DEFINITIONS = (
					"DEBUG=1",
					"$(inherited)",
				);
				GCC_SYMBOLS_PRIVATE_EXTERN = NO;
				GCC_WARN_64_TO_32_BIT_CONVERSION = YES;
				GCC_WARN_ABOUT_RETURN_TYPE = YES_ERROR;
				GCC_WARN_UNDECLARED_SELECTOR = YES;
				GCC_WARN_UNINITIALIZED_AUTOS = YES_AGGRESSIVE;
				GCC_WARN_UNUSED_FUNCTION = YES;
				GCC_WARN_UNUSED_VARIABLE = YES;
				IPHONEOS_DEPLOYMENT_TARGET = 13.0;
				LD_RUNPATH_SEARCH_PATHS = (
					/usr/lib/swift,
					"$(inherited)",
				);
				LIBRARY_SEARCH_PATHS = (
					"\"$(TOOLCHAIN_DIR)/usr/lib/swift/$(PLATFORM_NAME)\"",
					"\"$(TOOLCHAIN_DIR)/usr/lib/swift-5.0/$(PLATFORM_NAME)\"",
					"\"$(inherited)\"",
				);
				MTL_ENABLE_DEBUG_INFO = YES;
				ONLY_ACTIVE_ARCH = YES;
				SDKROOT = iphoneos;
			};
			name = Dev.Debug;
		};
		90F9350826C5D5CE001FEFCA /* Dev.Debug */ = {
			isa = XCBuildConfiguration;
			baseConfigurationReference = 3DB8EA61B36DE49DB64C5F59 /* Pods-myKROSS.dev.debug.xcconfig */;
			buildSettings = {
				ASSETCATALOG_COMPILER_APPICON_NAME = AppIcon;
				CLANG_ENABLE_MODULES = YES;
				CODE_SIGN_ENTITLEMENTS = myKROSS/myKROSS.entitlements;
				CURRENT_PROJECT_VERSION = 1;
				DEVELOPMENT_TEAM = QC3LNKY272;
				ENABLE_BITCODE = NO;
				INFOPLIST_FILE = "$(SRCROOT)/myKROSS/Info.plist";
				IPHONEOS_DEPLOYMENT_TARGET = 13.0;
				LD_RUNPATH_SEARCH_PATHS = (
					"$(inherited)",
					"@executable_path/Frameworks",
				);
				MARKETING_VERSION = 1.6.2;
				OTHER_LDFLAGS = (
					"$(inherited)",
					"-ObjC",
					"-lc++",
				);
				PRODUCT_BUNDLE_IDENTIFIER = pl.kross.mykross.dev;
				PRODUCT_NAME = "myKROSS-dev";
				SWIFT_OPTIMIZATION_LEVEL = "-Onone";
				SWIFT_VERSION = 5.0;
				VERSIONING_SYSTEM = "apple-generic";
			};
			name = Dev.Debug;
		};
		90F9350926C5D5CE001FEFCA /* Dev.Debug */ = {
			isa = XCBuildConfiguration;
			baseConfigurationReference = 906302002EEEABF1D72FEF5A /* Pods-myKROSS-myKROSSTests.dev.debug.xcconfig */;
			buildSettings = {
				BUNDLE_LOADER = "$(TEST_HOST)";
				GCC_PREPROCESSOR_DEFINITIONS = (
					"DEBUG=1",
					"$(inherited)",
				);
				INFOPLIST_FILE = myKROSSTests/Info.plist;
				IPHONEOS_DEPLOYMENT_TARGET = 10.0;
				LD_RUNPATH_SEARCH_PATHS = (
					"$(inherited)",
					"@executable_path/Frameworks",
					"@loader_path/Frameworks",
				);
				OTHER_LDFLAGS = (
					"-ObjC",
					"-lc++",
					"$(inherited)",
				);
				PRODUCT_BUNDLE_IDENTIFIER = "org.reactjs.native.example.$(PRODUCT_NAME:rfc1034identifier)";
				PRODUCT_NAME = "$(TARGET_NAME)";
				TEST_HOST = "$(BUILT_PRODUCTS_DIR)/myKROSS.app/myKROSS";
			};
			name = Dev.Debug;
		};
/* End XCBuildConfiguration section */

/* Begin XCConfigurationList section */
		00E357021AD99517003FC87E /* Build configuration list for PBXNativeTarget "myKROSSTests" */ = {
			isa = XCConfigurationList;
			buildConfigurations = (
				00E356F61AD99517003FC87E /* Debug */,
				90F9350926C5D5CE001FEFCA /* Dev.Debug */,
				90F9350626C5D5C4001FEFCA /* Test.Debug */,
				00E356F71AD99517003FC87E /* Release */,
				90F9350026C5D5A7001FEFCA /* Dev.Release */,
				90F934FD26C5D599001FEFCA /* Test.Release */,
			);
			defaultConfigurationIsVisible = 0;
			defaultConfigurationName = Release;
		};
		13B07F931A680F5B00A75B9A /* Build configuration list for PBXNativeTarget "myKROSS" */ = {
			isa = XCConfigurationList;
			buildConfigurations = (
				13B07F941A680F5B00A75B9A /* Debug */,
				90F9350826C5D5CE001FEFCA /* Dev.Debug */,
				90F9350526C5D5C4001FEFCA /* Test.Debug */,
				13B07F951A680F5B00A75B9A /* Release */,
				90F934FF26C5D5A7001FEFCA /* Dev.Release */,
				90F934FC26C5D599001FEFCA /* Test.Release */,
			);
			defaultConfigurationIsVisible = 0;
			defaultConfigurationName = Release;
		};
		83CBB9FA1A601CBA00E9B192 /* Build configuration list for PBXProject "myKROSS" */ = {
			isa = XCConfigurationList;
			buildConfigurations = (
				83CBBA201A601CBA00E9B192 /* Debug */,
				90F9350726C5D5CE001FEFCA /* Dev.Debug */,
				90F9350426C5D5C4001FEFCA /* Test.Debug */,
				83CBBA211A601CBA00E9B192 /* Release */,
				90F934FE26C5D5A7001FEFCA /* Dev.Release */,
				90F934FB26C5D599001FEFCA /* Test.Release */,
			);
			defaultConfigurationIsVisible = 0;
			defaultConfigurationName = Release;
		};
/* End XCConfigurationList section */
	};
	rootObject = 83CBB9F71A601CBA00E9B192 /* Project object */;
}
